// !$*UTF8*$!
{
	archiveVersion = 1;
	classes = {
	};
	objectVersion = 46;
	objects = {

/* Begin PBXBuildFile section */
		4B503960189172530044985D /* Foundation.framework in Frameworks */ = {isa = PBXBuildFile; fileRef = 4B50395F189172520044985D /* Foundation.framework */; };
		4B503965189172530044985D /* libmonkc_arm.h in CopyFiles */ = {isa = PBXBuildFile; fileRef = 4B503964189172530044985D /* libmonkc_arm.h */; };
		4B503967189172530044985D /* libmonkc_arm.m in Sources */ = {isa = PBXBuildFile; fileRef = 4B503966189172530044985D /* libmonkc_arm.m */; };
		4B50396E189172530044985D /* XCTest.framework in Frameworks */ = {isa = PBXBuildFile; fileRef = 4B50396D189172530044985D /* XCTest.framework */; };
		4B50396F189172530044985D /* Foundation.framework in Frameworks */ = {isa = PBXBuildFile; fileRef = 4B50395F189172520044985D /* Foundation.framework */; };
		4B503971189172530044985D /* UIKit.framework in Frameworks */ = {isa = PBXBuildFile; fileRef = 4B503970189172530044985D /* UIKit.framework */; };
		4B503974189172530044985D /* liblibmonkc_arm.a in Frameworks */ = {isa = PBXBuildFile; fileRef = 4B50395D189172520044985D /* liblibmonkc_arm.a */; };
		4B50397A189172530044985D /* InfoPlist.strings in Resources */ = {isa = PBXBuildFile; fileRef = 4B503978189172530044985D /* InfoPlist.strings */; };
		4B50397C189172530044985D /* libmonkc_armTests.m in Sources */ = {isa = PBXBuildFile; fileRef = 4B50397B189172530044985D /* libmonkc_armTests.m */; };
		4B9F31301883CD43009B94A9 /* MCRuntimeAsm_X8664_darwin.s in Sources */ = {isa = PBXBuildFile; fileRef = 4B9F312A1883CD43009B94A9 /* MCRuntimeAsm_X8664_darwin.s */; };
		4B9F31381883CD59009B94A9 /* HashTable.c in Sources */ = {isa = PBXBuildFile; fileRef = 4B9F31321883CD59009B94A9 /* HashTable.c */; };
		4B9F31391883CD59009B94A9 /* HashTable.h in Headers */ = {isa = PBXBuildFile; fileRef = 4B9F31331883CD59009B94A9 /* HashTable.h */; settings = {ATTRIBUTES = (Public, ); }; };
		4B9F313A1883CD59009B94A9 /* Lock.c in Sources */ = {isa = PBXBuildFile; fileRef = 4B9F31341883CD59009B94A9 /* Lock.c */; };
		4B9F313B1883CD59009B94A9 /* Lock.h in Headers */ = {isa = PBXBuildFile; fileRef = 4B9F31351883CD59009B94A9 /* Lock.h */; settings = {ATTRIBUTES = (Public, ); }; };
		4B9F313C1883CD59009B94A9 /* Log.c in Sources */ = {isa = PBXBuildFile; fileRef = 4B9F31361883CD59009B94A9 /* Log.c */; };
		4B9F313D1883CD59009B94A9 /* Log.h in Headers */ = {isa = PBXBuildFile; fileRef = 4B9F31371883CD59009B94A9 /* Log.h */; settings = {ATTRIBUTES = (Public, ); }; };
		4B9F31401883CD63009B94A9 /* Messaging.c in Sources */ = {isa = PBXBuildFile; fileRef = 4B9F313E1883CD63009B94A9 /* Messaging.c */; };
		4B9F31411883CD63009B94A9 /* Messaging.h in Headers */ = {isa = PBXBuildFile; fileRef = 4B9F313F1883CD63009B94A9 /* Messaging.h */; settings = {ATTRIBUTES = (Public, ); }; };
		4B9F314A1883CD78009B94A9 /* monkc.c in Sources */ = {isa = PBXBuildFile; fileRef = 4B9F31421883CD78009B94A9 /* monkc.c */; };
		4B9F314B1883CD78009B94A9 /* monkc.h in Headers */ = {isa = PBXBuildFile; fileRef = 4B9F31431883CD78009B94A9 /* monkc.h */; settings = {ATTRIBUTES = (Public, ); }; };
		4B9F314C1883CD78009B94A9 /* ObjectManage.c in Sources */ = {isa = PBXBuildFile; fileRef = 4B9F31441883CD78009B94A9 /* ObjectManage.c */; };
		4B9F314D1883CD78009B94A9 /* ObjectManage.h in Headers */ = {isa = PBXBuildFile; fileRef = 4B9F31451883CD78009B94A9 /* ObjectManage.h */; settings = {ATTRIBUTES = (Public, ); }; };
		4B9F314E1883CD78009B94A9 /* Key.c in Sources */ = {isa = PBXBuildFile; fileRef = 4B9F31461883CD78009B94A9 /* Key.c */; };
		4B9F314F1883CD78009B94A9 /* Key.h in Headers */ = {isa = PBXBuildFile; fileRef = 4B9F31471883CD78009B94A9 /* Key.h */; settings = {ATTRIBUTES = (Public, ); }; };
		4B9F31501883CD78009B94A9 /* Vectors.c in Sources */ = {isa = PBXBuildFile; fileRef = 4B9F31481883CD78009B94A9 /* Vectors.c */; };
		4B9F31511883CD78009B94A9 /* Vectors.h in Headers */ = {isa = PBXBuildFile; fileRef = 4B9F31491883CD78009B94A9 /* Vectors.h */; settings = {ATTRIBUTES = (Public, ); }; };
/* End PBXBuildFile section */

/* Begin PBXContainerItemProxy section */
		4B503972189172530044985D /* PBXContainerItemProxy */ = {
			isa = PBXContainerItemProxy;
			containerPortal = 4B9F308F1883B560009B94A9 /* Project object */;
			proxyType = 1;
			remoteGlobalIDString = 4B50395C189172520044985D;
			remoteInfo = libmonkc_arm;
		};
/* End PBXContainerItemProxy section */

/* Begin PBXCopyFilesBuildPhase section */
		4B50395B189172520044985D /* CopyFiles */ = {
			isa = PBXCopyFilesBuildPhase;
			buildActionMask = 2147483647;
			dstPath = "include/$(PRODUCT_NAME)";
			dstSubfolderSpec = 16;
			files = (
				4B503965189172530044985D /* libmonkc_arm.h in CopyFiles */,
			);
			runOnlyForDeploymentPostprocessing = 0;
		};
/* End PBXCopyFilesBuildPhase section */

/* Begin PBXFileReference section */
		4B50395D189172520044985D /* liblibmonkc_arm.a */ = {isa = PBXFileReference; explicitFileType = archive.ar; includeInIndex = 0; path = liblibmonkc_arm.a; sourceTree = BUILT_PRODUCTS_DIR; };
		4B50395F189172520044985D /* Foundation.framework */ = {isa = PBXFileReference; lastKnownFileType = wrapper.framework; name = Foundation.framework; path = System/Library/Frameworks/Foundation.framework; sourceTree = SDKROOT; };
		4B503963189172530044985D /* libmonkc_arm-Prefix.pch */ = {isa = PBXFileReference; lastKnownFileType = sourcecode.c.h; path = "libmonkc_arm-Prefix.pch"; sourceTree = "<group>"; };
		4B503964189172530044985D /* libmonkc_arm.h */ = {isa = PBXFileReference; lastKnownFileType = sourcecode.c.h; path = libmonkc_arm.h; sourceTree = "<group>"; };
		4B503966189172530044985D /* libmonkc_arm.m */ = {isa = PBXFileReference; lastKnownFileType = sourcecode.c.objc; path = libmonkc_arm.m; sourceTree = "<group>"; };
		4B50396C189172530044985D /* libmonkc_armTests.xctest */ = {isa = PBXFileReference; explicitFileType = wrapper.cfbundle; includeInIndex = 0; path = libmonkc_armTests.xctest; sourceTree = BUILT_PRODUCTS_DIR; };
		4B50396D189172530044985D /* XCTest.framework */ = {isa = PBXFileReference; lastKnownFileType = wrapper.framework; name = XCTest.framework; path = Library/Frameworks/XCTest.framework; sourceTree = DEVELOPER_DIR; };
		4B503970189172530044985D /* UIKit.framework */ = {isa = PBXFileReference; lastKnownFileType = wrapper.framework; name = UIKit.framework; path = Library/Frameworks/UIKit.framework; sourceTree = DEVELOPER_DIR; };
		4B503977189172530044985D /* libmonkc_armTests-Info.plist */ = {isa = PBXFileReference; lastKnownFileType = text.plist.xml; path = "libmonkc_armTests-Info.plist"; sourceTree = "<group>"; };
		4B503979189172530044985D /* en */ = {isa = PBXFileReference; lastKnownFileType = text.plist.strings; name = en; path = en.lproj/InfoPlist.strings; sourceTree = "<group>"; };
		4B50397B189172530044985D /* libmonkc_armTests.m */ = {isa = PBXFileReference; lastKnownFileType = sourcecode.c.objc; path = libmonkc_armTests.m; sourceTree = "<group>"; };
		4B9F30971883B560009B94A9 /* libmonkc.a */ = {isa = PBXFileReference; explicitFileType = archive.ar; includeInIndex = 0; path = libmonkc.a; sourceTree = BUILT_PRODUCTS_DIR; };
		4B9F31251883CD43009B94A9 /* MCRuntimeAsm_ARM32.s */ = {isa = PBXFileReference; fileEncoding = 4; lastKnownFileType = sourcecode.asm; path = MCRuntimeAsm_ARM32.s; sourceTree = "<group>"; };
		4B9F31261883CD43009B94A9 /* MCRuntimeAsm_ARM64.s */ = {isa = PBXFileReference; fileEncoding = 4; lastKnownFileType = sourcecode.asm; path = MCRuntimeAsm_ARM64.s; sourceTree = "<group>"; };
		4B9F31271883CD43009B94A9 /* MCRuntimeAsm_IA32.s */ = {isa = PBXFileReference; fileEncoding = 4; lastKnownFileType = sourcecode.asm; path = MCRuntimeAsm_IA32.s; sourceTree = "<group>"; };
		4B9F31281883CD43009B94A9 /* MCRuntimeAsm_IA32_darwin.s */ = {isa = PBXFileReference; fileEncoding = 4; lastKnownFileType = sourcecode.asm; path = MCRuntimeAsm_IA32_darwin.s; sourceTree = "<group>"; };
		4B9F31291883CD43009B94A9 /* MCRuntimeAsm_X8664.s */ = {isa = PBXFileReference; fileEncoding = 4; lastKnownFileType = sourcecode.asm; path = MCRuntimeAsm_X8664.s; sourceTree = "<group>"; };
		4B9F312A1883CD43009B94A9 /* MCRuntimeAsm_X8664_darwin.s */ = {isa = PBXFileReference; fileEncoding = 4; lastKnownFileType = sourcecode.asm; path = MCRuntimeAsm_X8664_darwin.s; sourceTree = "<group>"; };
		4B9F31321883CD59009B94A9 /* HashTable.c */ = {isa = PBXFileReference; fileEncoding = 4; lastKnownFileType = sourcecode.c.c; path = HashTable.c; sourceTree = "<group>"; };
		4B9F31331883CD59009B94A9 /* HashTable.h */ = {isa = PBXFileReference; fileEncoding = 4; lastKnownFileType = sourcecode.c.h; path = HashTable.h; sourceTree = "<group>"; };
		4B9F31341883CD59009B94A9 /* Lock.c */ = {isa = PBXFileReference; fileEncoding = 4; lastKnownFileType = sourcecode.c.c; path = Lock.c; sourceTree = "<group>"; };
		4B9F31351883CD59009B94A9 /* Lock.h */ = {isa = PBXFileReference; fileEncoding = 4; lastKnownFileType = sourcecode.c.h; path = Lock.h; sourceTree = "<group>"; };
		4B9F31361883CD59009B94A9 /* Log.c */ = {isa = PBXFileReference; fileEncoding = 4; lastKnownFileType = sourcecode.c.c; path = Log.c; sourceTree = "<group>"; };
		4B9F31371883CD59009B94A9 /* Log.h */ = {isa = PBXFileReference; fileEncoding = 4; lastKnownFileType = sourcecode.c.h; path = Log.h; sourceTree = "<group>"; };
		4B9F313E1883CD63009B94A9 /* Messaging.c */ = {isa = PBXFileReference; fileEncoding = 4; lastKnownFileType = sourcecode.c.c; path = Messaging.c; sourceTree = "<group>"; };
		4B9F313F1883CD63009B94A9 /* Messaging.h */ = {isa = PBXFileReference; fileEncoding = 4; lastKnownFileType = sourcecode.c.h; path = Messaging.h; sourceTree = "<group>"; };
		4B9F31421883CD78009B94A9 /* monkc.c */ = {isa = PBXFileReference; fileEncoding = 4; lastKnownFileType = sourcecode.c.c; path = monkc.c; sourceTree = "<group>"; };
		4B9F31431883CD78009B94A9 /* monkc.h */ = {isa = PBXFileReference; fileEncoding = 4; lastKnownFileType = sourcecode.c.h; path = monkc.h; sourceTree = "<group>"; };
		4B9F31441883CD78009B94A9 /* ObjectManage.c */ = {isa = PBXFileReference; fileEncoding = 4; lastKnownFileType = sourcecode.c.c; path = ObjectManage.c; sourceTree = "<group>"; };
		4B9F31451883CD78009B94A9 /* ObjectManage.h */ = {isa = PBXFileReference; fileEncoding = 4; lastKnownFileType = sourcecode.c.h; path = ObjectManage.h; sourceTree = "<group>"; };
		4B9F31461883CD78009B94A9 /* Key.c */ = {isa = PBXFileReference; fileEncoding = 4; lastKnownFileType = sourcecode.c.c; path = Key.c; sourceTree = "<group>"; };
		4B9F31471883CD78009B94A9 /* Key.h */ = {isa = PBXFileReference; fileEncoding = 4; lastKnownFileType = sourcecode.c.h; path = Key.h; sourceTree = "<group>"; };
		4B9F31481883CD78009B94A9 /* Vectors.c */ = {isa = PBXFileReference; fileEncoding = 4; lastKnownFileType = sourcecode.c.c; path = Vectors.c; sourceTree = "<group>"; };
		4B9F31491883CD78009B94A9 /* Vectors.h */ = {isa = PBXFileReference; fileEncoding = 4; lastKnownFileType = sourcecode.c.h; path = Vectors.h; sourceTree = "<group>"; };
/* End PBXFileReference section */

/* Begin PBXFrameworksBuildPhase section */
		4B50395A189172520044985D /* Frameworks */ = {
			isa = PBXFrameworksBuildPhase;
			buildActionMask = 2147483647;
			files = (
				4B503960189172530044985D /* Foundation.framework in Frameworks */,
			);
			runOnlyForDeploymentPostprocessing = 0;
		};
		4B503969189172530044985D /* Frameworks */ = {
			isa = PBXFrameworksBuildPhase;
			buildActionMask = 2147483647;
			files = (
				4B50396E189172530044985D /* XCTest.framework in Frameworks */,
				4B503974189172530044985D /* liblibmonkc_arm.a in Frameworks */,
				4B503971189172530044985D /* UIKit.framework in Frameworks */,
				4B50396F189172530044985D /* Foundation.framework in Frameworks */,
			);
			runOnlyForDeploymentPostprocessing = 0;
		};
		4B9F30941883B560009B94A9 /* Frameworks */ = {
			isa = PBXFrameworksBuildPhase;
			buildActionMask = 2147483647;
			files = (
			);
			runOnlyForDeploymentPostprocessing = 0;
		};
/* End PBXFrameworksBuildPhase section */

/* Begin PBXGroup section */
		4B50395E189172520044985D /* Frameworks */ = {
			isa = PBXGroup;
			children = (
				4B50395F189172520044985D /* Foundation.framework */,
				4B50396D189172530044985D /* XCTest.framework */,
				4B503970189172530044985D /* UIKit.framework */,
			);
			name = Frameworks;
			sourceTree = "<group>";
		};
		4B503961189172530044985D /* libmonkc_arm */ = {
			isa = PBXGroup;
			children = (
				4B503964189172530044985D /* libmonkc_arm.h */,
				4B503966189172530044985D /* libmonkc_arm.m */,
				4B503962189172530044985D /* Supporting Files */,
			);
			path = libmonkc_arm;
			sourceTree = "<group>";
		};
		4B503962189172530044985D /* Supporting Files */ = {
			isa = PBXGroup;
			children = (
				4B503963189172530044985D /* libmonkc_arm-Prefix.pch */,
			);
			name = "Supporting Files";
			sourceTree = "<group>";
		};
		4B503975189172530044985D /* libmonkc_armTests */ = {
			isa = PBXGroup;
			children = (
				4B50397B189172530044985D /* libmonkc_armTests.m */,
				4B503976189172530044985D /* Supporting Files */,
			);
			path = libmonkc_armTests;
			sourceTree = "<group>";
		};
		4B503976189172530044985D /* Supporting Files */ = {
			isa = PBXGroup;
			children = (
				4B503977189172530044985D /* libmonkc_armTests-Info.plist */,
				4B503978189172530044985D /* InfoPlist.strings */,
			);
			name = "Supporting Files";
			sourceTree = "<group>";
		};
		4B9F308E1883B560009B94A9 = {
			isa = PBXGroup;
			children = (
				4B9F31421883CD78009B94A9 /* monkc.c */,
				4B9F31431883CD78009B94A9 /* monkc.h */,
				4B9F31441883CD78009B94A9 /* ObjectManage.c */,
				4B9F31451883CD78009B94A9 /* ObjectManage.h */,
				4B9F31461883CD78009B94A9 /* Key.c */,
				4B9F31471883CD78009B94A9 /* Key.h */,
				4B9F31481883CD78009B94A9 /* Vectors.c */,
				4B9F31491883CD78009B94A9 /* Vectors.h */,
				4B9F313E1883CD63009B94A9 /* Messaging.c */,
				4B9F313F1883CD63009B94A9 /* Messaging.h */,
				4B9F31321883CD59009B94A9 /* HashTable.c */,
				4B9F31331883CD59009B94A9 /* HashTable.h */,
				4B9F31341883CD59009B94A9 /* Lock.c */,
				4B9F31351883CD59009B94A9 /* Lock.h */,
				4B9F31361883CD59009B94A9 /* Log.c */,
				4B9F31371883CD59009B94A9 /* Log.h */,
				4B9F31241883CD43009B94A9 /* MCRuntimeAsm */,
				4B503961189172530044985D /* libmonkc_arm */,
				4B503975189172530044985D /* libmonkc_armTests */,
				4B50395E189172520044985D /* Frameworks */,
				4B9F30981883B560009B94A9 /* Products */,
			);
			sourceTree = "<group>";
		};
		4B9F30981883B560009B94A9 /* Products */ = {
			isa = PBXGroup;
			children = (
				4B9F30971883B560009B94A9 /* libmonkc.a */,
				4B50395D189172520044985D /* liblibmonkc_arm.a */,
				4B50396C189172530044985D /* libmonkc_armTests.xctest */,
			);
			name = Products;
			sourceTree = "<group>";
		};
		4B9F31241883CD43009B94A9 /* MCRuntimeAsm */ = {
			isa = PBXGroup;
			children = (
				4B9F31251883CD43009B94A9 /* MCRuntimeAsm_ARM32.s */,
				4B9F31261883CD43009B94A9 /* MCRuntimeAsm_ARM64.s */,
				4B9F31271883CD43009B94A9 /* MCRuntimeAsm_IA32.s */,
				4B9F31281883CD43009B94A9 /* MCRuntimeAsm_IA32_darwin.s */,
				4B9F31291883CD43009B94A9 /* MCRuntimeAsm_X8664.s */,
				4B9F312A1883CD43009B94A9 /* MCRuntimeAsm_X8664_darwin.s */,
			);
			path = MCRuntimeAsm;
			sourceTree = "<group>";
		};
/* End PBXGroup section */

/* Begin PBXHeadersBuildPhase section */
		4B9F30951883B560009B94A9 /* Headers */ = {
			isa = PBXHeadersBuildPhase;
			buildActionMask = 2147483647;
			files = (
				4B9F314B1883CD78009B94A9 /* monkc.h in Headers */,
				4B9F313D1883CD59009B94A9 /* Log.h in Headers */,
				4B9F313B1883CD59009B94A9 /* Lock.h in Headers */,
				4B9F314F1883CD78009B94A9 /* Key.h in Headers */,
				4B9F31511883CD78009B94A9 /* Vectors.h in Headers */,
				4B9F31391883CD59009B94A9 /* HashTable.h in Headers */,
				4B9F31411883CD63009B94A9 /* Messaging.h in Headers */,
				4B9F314D1883CD78009B94A9 /* ObjectManage.h in Headers */,
			);
			runOnlyForDeploymentPostprocessing = 0;
		};
/* End PBXHeadersBuildPhase section */

/* Begin PBXNativeTarget section */
		4B50395C189172520044985D /* libmonkc_arm */ = {
			isa = PBXNativeTarget;
			buildConfigurationList = 4B503981189172530044985D /* Build configuration list for PBXNativeTarget "libmonkc_arm" */;
			buildPhases = (
				4B503959189172520044985D /* Sources */,
				4B50395A189172520044985D /* Frameworks */,
				4B50395B189172520044985D /* CopyFiles */,
			);
			buildRules = (
			);
			dependencies = (
			);
			name = libmonkc_arm;
			productName = libmonkc_arm;
			productReference = 4B50395D189172520044985D /* liblibmonkc_arm.a */;
			productType = "com.apple.product-type.library.static";
		};
		4B50396B189172530044985D /* libmonkc_armTests */ = {
			isa = PBXNativeTarget;
			buildConfigurationList = 4B503982189172530044985D /* Build configuration list for PBXNativeTarget "libmonkc_armTests" */;
			buildPhases = (
				4B503968189172530044985D /* Sources */,
				4B503969189172530044985D /* Frameworks */,
				4B50396A189172530044985D /* Resources */,
			);
			buildRules = (
			);
			dependencies = (
				4B503973189172530044985D /* PBXTargetDependency */,
			);
			name = libmonkc_armTests;
			productName = libmonkc_armTests;
			productReference = 4B50396C189172530044985D /* libmonkc_armTests.xctest */;
			productType = "com.apple.product-type.bundle.unit-test";
		};
		4B9F30961883B560009B94A9 /* MonkCStatic */ = {
			isa = PBXNativeTarget;
			buildConfigurationList = 4B9F309B1883B560009B94A9 /* Build configuration list for PBXNativeTarget "MonkCStatic" */;
			buildPhases = (
				4B9F30931883B560009B94A9 /* Sources */,
				4B9F30941883B560009B94A9 /* Frameworks */,
				4B9F30951883B560009B94A9 /* Headers */,
			);
			buildRules = (
			);
			dependencies = (
			);
			name = MonkCStatic;
			productName = MonkCStatic;
			productReference = 4B9F30971883B560009B94A9 /* libmonkc.a */;
			productType = "com.apple.product-type.library.static";
		};
/* End PBXNativeTarget section */

/* Begin PBXProject section */
		4B9F308F1883B560009B94A9 /* Project object */ = {
			isa = PBXProject;
			attributes = {
				LastUpgradeCheck = 0500;
				ORGANIZATIONNAME = "sun yuli";
			};
			buildConfigurationList = 4B9F30921883B560009B94A9 /* Build configuration list for PBXProject "MonkCStatic" */;
			compatibilityVersion = "Xcode 3.2";
			developmentRegion = English;
			hasScannedForEncodings = 0;
			knownRegions = (
				en,
			);
			mainGroup = 4B9F308E1883B560009B94A9;
			productRefGroup = 4B9F30981883B560009B94A9 /* Products */;
			projectDirPath = "";
			projectRoot = "";
			targets = (
				4B9F30961883B560009B94A9 /* MonkCStatic */,
				4B50395C189172520044985D /* libmonkc_arm */,
				4B50396B189172530044985D /* libmonkc_armTests */,
			);
		};
/* End PBXProject section */

/* Begin PBXResourcesBuildPhase section */
		4B50396A189172530044985D /* Resources */ = {
			isa = PBXResourcesBuildPhase;
			buildActionMask = 2147483647;
			files = (
				4B50397A189172530044985D /* InfoPlist.strings in Resources */,
			);
			runOnlyForDeploymentPostprocessing = 0;
		};
/* End PBXResourcesBuildPhase section */

/* Begin PBXSourcesBuildPhase section */
		4B503959189172520044985D /* Sources */ = {
			isa = PBXSourcesBuildPhase;
			buildActionMask = 2147483647;
			files = (
				4B503967189172530044985D /* libmonkc_arm.m in Sources */,
			);
			runOnlyForDeploymentPostprocessing = 0;
		};
		4B503968189172530044985D /* Sources */ = {
			isa = PBXSourcesBuildPhase;
			buildActionMask = 2147483647;
			files = (
				4B50397C189172530044985D /* libmonkc_armTests.m in Sources */,
			);
			runOnlyForDeploymentPostprocessing = 0;
		};
		4B9F30931883B560009B94A9 /* Sources */ = {
			isa = PBXSourcesBuildPhase;
			buildActionMask = 2147483647;
			files = (
				4B9F313A1883CD59009B94A9 /* Lock.c in Sources */,
				4B9F31301883CD43009B94A9 /* MCRuntimeAsm_X8664_darwin.s in Sources */,
				4B9F314A1883CD78009B94A9 /* monkc.c in Sources */,
				4B9F314E1883CD78009B94A9 /* Key.c in Sources */,
				4B9F31401883CD63009B94A9 /* Messaging.c in Sources */,
				4B9F31381883CD59009B94A9 /* HashTable.c in Sources */,
				4B9F314C1883CD78009B94A9 /* ObjectManage.c in Sources */,
				4B9F313C1883CD59009B94A9 /* Log.c in Sources */,
				4B9F31501883CD78009B94A9 /* Vectors.c in Sources */,
			);
			runOnlyForDeploymentPostprocessing = 0;
		};
/* End PBXSourcesBuildPhase section */

/* Begin PBXTargetDependency section */
		4B503973189172530044985D /* PBXTargetDependency */ = {
			isa = PBXTargetDependency;
			target = 4B50395C189172520044985D /* libmonkc_arm */;
			targetProxy = 4B503972189172530044985D /* PBXContainerItemProxy */;
		};
/* End PBXTargetDependency section */

/* Begin PBXVariantGroup section */
		4B503978189172530044985D /* InfoPlist.strings */ = {
			isa = PBXVariantGroup;
			children = (
				4B503979189172530044985D /* en */,
			);
			name = InfoPlist.strings;
			sourceTree = "<group>";
		};
/* End PBXVariantGroup section */

/* Begin XCBuildConfiguration section */
		4B50397D189172530044985D /* Debug */ = {
			isa = XCBuildConfiguration;
			buildSettings = {
				ARCHS = "$(ARCHS_STANDARD_INCLUDING_64_BIT)";
				CLANG_ENABLE_MODULES = YES;
				DSTROOT = /tmp/libmonkc_arm.dst;
				GCC_PRECOMPILE_PREFIX_HEADER = YES;
				GCC_PREFIX_HEADER = "libmonkc_arm/libmonkc_arm-Prefix.pch";
				GCC_PREPROCESSOR_DEFINITIONS = (
					"DEBUG=1",
					"$(inherited)",
				);
				IPHONEOS_DEPLOYMENT_TARGET = 7.0;
				OTHER_LDFLAGS = "-ObjC";
				PRODUCT_NAME = "$(TARGET_NAME)";
				SDKROOT = iphoneos;
				SKIP_INSTALL = YES;
			};
			name = Debug;
		};
		4B50397E189172530044985D /* Release */ = {
			isa = XCBuildConfiguration;
			buildSettings = {
				ARCHS = "$(ARCHS_STANDARD_INCLUDING_64_BIT)";
				CLANG_ENABLE_MODULES = YES;
				DSTROOT = /tmp/libmonkc_arm.dst;
				GCC_PRECOMPILE_PREFIX_HEADER = YES;
				GCC_PREFIX_HEADER = "libmonkc_arm/libmonkc_arm-Prefix.pch";
				IPHONEOS_DEPLOYMENT_TARGET = 7.0;
				OTHER_LDFLAGS = "-ObjC";
				PRODUCT_NAME = "$(TARGET_NAME)";
				SDKROOT = iphoneos;
				SKIP_INSTALL = YES;
				VALIDATE_PRODUCT = YES;
			};
			name = Release;
		};
		4B50397F189172530044985D /* Debug */ = {
			isa = XCBuildConfiguration;
			buildSettings = {
				ARCHS = "$(ARCHS_STANDARD_INCLUDING_64_BIT)";
				CLANG_ENABLE_MODULES = YES;
				FRAMEWORK_SEARCH_PATHS = (
					"$(SDKROOT)/Developer/Library/Frameworks",
					"$(inherited)",
					"$(DEVELOPER_FRAMEWORKS_DIR)",
				);
				GCC_PRECOMPILE_PREFIX_HEADER = YES;
				GCC_PREFIX_HEADER = "libmonkc_arm/libmonkc_arm-Prefix.pch";
				GCC_PREPROCESSOR_DEFINITIONS = (
					"DEBUG=1",
					"$(inherited)",
				);
				INFOPLIST_FILE = "libmonkc_armTests/libmonkc_armTests-Info.plist";
				IPHONEOS_DEPLOYMENT_TARGET = 7.0;
				PRODUCT_NAME = "$(TARGET_NAME)";
				SDKROOT = iphoneos;
				WRAPPER_EXTENSION = xctest;
			};
			name = Debug;
		};
		4B503980189172530044985D /* Release */ = {
			isa = XCBuildConfiguration;
			buildSettings = {
				ARCHS = "$(ARCHS_STANDARD_INCLUDING_64_BIT)";
				CLANG_ENABLE_MODULES = YES;
				FRAMEWORK_SEARCH_PATHS = (
					"$(SDKROOT)/Developer/Library/Frameworks",
					"$(inherited)",
					"$(DEVELOPER_FRAMEWORKS_DIR)",
				);
				GCC_PRECOMPILE_PREFIX_HEADER = YES;
				GCC_PREFIX_HEADER = "libmonkc_arm/libmonkc_arm-Prefix.pch";
				INFOPLIST_FILE = "libmonkc_armTests/libmonkc_armTests-Info.plist";
				IPHONEOS_DEPLOYMENT_TARGET = 7.0;
				PRODUCT_NAME = "$(TARGET_NAME)";
				SDKROOT = iphoneos;
				VALIDATE_PRODUCT = YES;
				WRAPPER_EXTENSION = xctest;
			};
			name = Release;
		};
		4B9F30991883B560009B94A9 /* Debug */ = {
			isa = XCBuildConfiguration;
			buildSettings = {
				ALWAYS_SEARCH_USER_PATHS = NO;
				CLANG_CXX_LANGUAGE_STANDARD = "gnu++0x";
				CLANG_CXX_LIBRARY = "libc++";
				CLANG_ENABLE_OBJC_ARC = YES;
				CLANG_WARN_BOOL_CONVERSION = YES;
				CLANG_WARN_CONSTANT_CONVERSION = YES;
				CLANG_WARN_DIRECT_OBJC_ISA_USAGE = YES_ERROR;
				CLANG_WARN_EMPTY_BODY = YES;
				CLANG_WARN_ENUM_CONVERSION = YES;
				CLANG_WARN_INT_CONVERSION = YES;
				CLANG_WARN_OBJC_ROOT_CLASS = YES_ERROR;
				CLANG_WARN__DUPLICATE_METHOD_MATCH = YES;
				COPY_PHASE_STRIP = NO;
				GCC_C_LANGUAGE_STANDARD = gnu99;
				GCC_DYNAMIC_NO_PIC = NO;
				GCC_ENABLE_OBJC_EXCEPTIONS = YES;
				GCC_OPTIMIZATION_LEVEL = 0;
				GCC_PREPROCESSOR_DEFINITIONS = (
					"DEBUG=1",
					"$(inherited)",
				);
				GCC_SYMBOLS_PRIVATE_EXTERN = NO;
				GCC_WARN_64_TO_32_BIT_CONVERSION = YES;
				GCC_WARN_ABOUT_RETURN_TYPE = YES_ERROR;
				GCC_WARN_UNDECLARED_SELECTOR = YES;
				GCC_WARN_UNINITIALIZED_AUTOS = YES;
				GCC_WARN_UNUSED_FUNCTION = YES;
				GCC_WARN_UNUSED_VARIABLE = YES;
				MACOSX_DEPLOYMENT_TARGET = 10.9;
				ONLY_ACTIVE_ARCH = YES;
				SDKROOT = macosx;
			};
			name = Debug;
		};
		4B9F309A1883B560009B94A9 /* Release */ = {
			isa = XCBuildConfiguration;
			buildSettings = {
				ALWAYS_SEARCH_USER_PATHS = NO;
				CLANG_CXX_LANGUAGE_STANDARD = "gnu++0x";
				CLANG_CXX_LIBRARY = "libc++";
				CLANG_ENABLE_OBJC_ARC = YES;
				CLANG_WARN_BOOL_CONVERSION = YES;
				CLANG_WARN_CONSTANT_CONVERSION = YES;
				CLANG_WARN_DIRECT_OBJC_ISA_USAGE = YES_ERROR;
				CLANG_WARN_EMPTY_BODY = YES;
				CLANG_WARN_ENUM_CONVERSION = YES;
				CLANG_WARN_INT_CONVERSION = YES;
				CLANG_WARN_OBJC_ROOT_CLASS = YES_ERROR;
				CLANG_WARN__DUPLICATE_METHOD_MATCH = YES;
				COPY_PHASE_STRIP = YES;
				DEBUG_INFORMATION_FORMAT = "dwarf-with-dsym";
				ENABLE_NS_ASSERTIONS = NO;
				GCC_C_LANGUAGE_STANDARD = gnu99;
				GCC_ENABLE_OBJC_EXCEPTIONS = YES;
				GCC_WARN_64_TO_32_BIT_CONVERSION = YES;
				GCC_WARN_ABOUT_RETURN_TYPE = YES_ERROR;
				GCC_WARN_UNDECLARED_SELECTOR = YES;
				GCC_WARN_UNINITIALIZED_AUTOS = YES;
				GCC_WARN_UNUSED_FUNCTION = YES;
				GCC_WARN_UNUSED_VARIABLE = YES;
				MACOSX_DEPLOYMENT_TARGET = 10.9;
				SDKROOT = macosx;
			};
			name = Release;
		};
		4B9F309C1883B560009B94A9 /* Debug */ = {
			isa = XCBuildConfiguration;
			buildSettings = {
				EXECUTABLE_PREFIX = lib;
				PRODUCT_NAME = monkc;
			};
			name = Debug;
		};
		4B9F309D1883B560009B94A9 /* Release */ = {
			isa = XCBuildConfiguration;
			buildSettings = {
				EXECUTABLE_PREFIX = lib;
				PRODUCT_NAME = monkc;
			};
			name = Release;
		};
/* End XCBuildConfiguration section */

/* Begin XCConfigurationList section */
		4B503981189172530044985D /* Build configuration list for PBXNativeTarget "libmonkc_arm" */ = {
			isa = XCConfigurationList;
			buildConfigurations = (
				4B50397D189172530044985D /* Debug */,
				4B50397E189172530044985D /* Release */,
			);
			defaultConfigurationIsVisible = 0;
		};
		4B503982189172530044985D /* Build configuration list for PBXNativeTarget "libmonkc_armTests" */ = {
			isa = XCConfigurationList;
			buildConfigurations = (
				4B50397F189172530044985D /* Debug */,
				4B503980189172530044985D /* Release */,
			);
			defaultConfigurationIsVisible = 0;
		};
		4B9F30921883B560009B94A9 /* Build configuration list for PBXProject "MonkCStatic" */ = {
			isa = XCConfigurationList;
			buildConfigurations = (
				4B9F30991883B560009B94A9 /* Debug */,
				4B9F309A1883B560009B94A9 /* Release */,
			);
			defaultConfigurationIsVisible = 0;
			defaultConfigurationName = Release;
		};
		4B9F309B1883B560009B94A9 /* Build configuration list for PBXNativeTarget "MonkCStatic" */ = {
			isa = XCConfigurationList;
			buildConfigurations = (
				4B9F309C1883B560009B94A9 /* Debug */,
				4B9F309D1883B560009B94A9 /* Release */,
			);
			defaultConfigurationIsVisible = 0;
			defaultConfigurationName = Release;
		};
/* End XCConfigurationList section */
	};
	rootObject = 4B9F308F1883B560009B94A9 /* Project object */;
}
