// !$*UTF8*$!
{
	archiveVersion = 1;
	classes = {
	};
	objectVersion = 46;
	objects = {

/* Begin PBXBuildFile section */
		4B0D9B3818A7D56700E4ED89 /* LittleBird.c in Sources */ = {isa = PBXBuildFile; fileRef = 4B0D9B3118A7D56700E4ED89 /* LittleBird.c */; };
		4B0D9B3918A7D56700E4ED89 /* LittleBirdFather.c in Sources */ = {isa = PBXBuildFile; fileRef = 4B0D9B3318A7D56700E4ED89 /* LittleBirdFather.c */; };
		4B0D9B4218A7EB5300E4ED89 /* libmonkc.a in Frameworks */ = {isa = PBXBuildFile; fileRef = 4B0D9B4118A7EB5300E4ED89 /* libmonkc.a */; };
		4B0D9B4418A7EB5800E4ED89 /* liblemontea.a in Frameworks */ = {isa = PBXBuildFile; fileRef = 4B0D9B4318A7EB5800E4ED89 /* liblemontea.a */; };
		4B0D9B4F18A92AAC00E4ED89 /* ClientServerExample.c in Sources */ = {isa = PBXBuildFile; fileRef = 4B0D9B4718A92AAC00E4ED89 /* ClientServerExample.c */; };
		4B0D9B5018A92AAC00E4ED89 /* MenuDrivenExample.c in Sources */ = {isa = PBXBuildFile; fileRef = 4B0D9B4918A92AAC00E4ED89 /* MenuDrivenExample.c */; };
		4B0D9B5118A92AAC00E4ED89 /* MethodJumpping.c in Sources */ = {isa = PBXBuildFile; fileRef = 4B0D9B4B18A92AAC00E4ED89 /* MethodJumpping.c */; };
		4B0D9B5218A92AAC00E4ED89 /* ObjectLifeCycle.c in Sources */ = {isa = PBXBuildFile; fileRef = 4B0D9B4D18A92AAC00E4ED89 /* ObjectLifeCycle.c */; };
		4B0D9B6218A92AD100E4ED89 /* BirdCatA.c in Sources */ = {isa = PBXBuildFile; fileRef = 4B0D9B5418A92AD100E4ED89 /* BirdCatA.c */; };
		4B0D9B6318A92AD100E4ED89 /* Bird.c in Sources */ = {isa = PBXBuildFile; fileRef = 4B0D9B5718A92AD100E4ED89 /* Bird.c */; };
		4B0D9B6418A92AD100E4ED89 /* BirdFather.c in Sources */ = {isa = PBXBuildFile; fileRef = 4B0D9B5918A92AD100E4ED89 /* BirdFather.c */; };
		4B0D9B6518A92AD100E4ED89 /* BirdGrandFather.c in Sources */ = {isa = PBXBuildFile; fileRef = 4B0D9B5B18A92AD100E4ED89 /* BirdGrandFather.c */; };
		4B0D9B6618A92AD100E4ED89 /* BirdModeA.c in Sources */ = {isa = PBXBuildFile; fileRef = 4B0D9B5E18A92AD100E4ED89 /* BirdModeA.c */; };
		4B0D9B6918A92AF000E4ED89 /* Main.c in Sources */ = {isa = PBXBuildFile; fileRef = 4B0D9B6818A92AF000E4ED89 /* Main.c */; };
		4BF11B3718AA7BC200AD4C2B /* BirdBase.c in Sources */ = {isa = PBXBuildFile; fileRef = 4BF11B3618AA7BC200AD4C2B /* BirdBase.c */; };
/* End PBXBuildFile section */

/* Begin PBXCopyFilesBuildPhase section */
		4B9F30F31883B847009B94A9 /* CopyFiles */ = {
			isa = PBXCopyFilesBuildPhase;
			buildActionMask = 2147483647;
			dstPath = /usr/local/bin;
			dstSubfolderSpec = 0;
			files = (
			);
			runOnlyForDeploymentPostprocessing = 1;
		};
/* End PBXCopyFilesBuildPhase section */

/* Begin PBXFileReference section */
		4B0D9B3118A7D56700E4ED89 /* LittleBird.c */ = {isa = PBXFileReference; fileEncoding = 4; lastKnownFileType = sourcecode.c.c; path = LittleBird.c; sourceTree = "<group>"; };
		4B0D9B3218A7D56700E4ED89 /* LittleBird.h */ = {isa = PBXFileReference; fileEncoding = 4; lastKnownFileType = sourcecode.c.h; path = LittleBird.h; sourceTree = "<group>"; };
		4B0D9B3318A7D56700E4ED89 /* LittleBirdFather.c */ = {isa = PBXFileReference; fileEncoding = 4; lastKnownFileType = sourcecode.c.c; path = LittleBirdFather.c; sourceTree = "<group>"; };
		4B0D9B3418A7D56700E4ED89 /* LittleBirdFather.h */ = {isa = PBXFileReference; fileEncoding = 4; lastKnownFileType = sourcecode.c.h; path = LittleBirdFather.h; sourceTree = "<group>"; };
		4B0D9B4118A7EB5300E4ED89 /* libmonkc.a */ = {isa = PBXFileReference; lastKnownFileType = archive.ar; name = libmonkc.a; path = "../../../../../Library/Developer/Xcode/DerivedData/MonkCWorkSpace-fmovabzixpzcxnguawdjmitbkzgl/Build/Products/Release/libmonkc.a"; sourceTree = "<group>"; };
		4B0D9B4318A7EB5800E4ED89 /* liblemontea.a */ = {isa = PBXFileReference; lastKnownFileType = archive.ar; name = liblemontea.a; path = "../../../../../Library/Developer/Xcode/DerivedData/MonkCWorkSpace-fmovabzixpzcxnguawdjmitbkzgl/Build/Products/Release/liblemontea.a"; sourceTree = "<group>"; };
		4B0D9B4718A92AAC00E4ED89 /* ClientServerExample.c */ = {isa = PBXFileReference; fileEncoding = 4; lastKnownFileType = sourcecode.c.c; path = ClientServerExample.c; sourceTree = "<group>"; };
		4B0D9B4818A92AAC00E4ED89 /* ClientServerExample.h */ = {isa = PBXFileReference; fileEncoding = 4; lastKnownFileType = sourcecode.c.h; path = ClientServerExample.h; sourceTree = "<group>"; };
		4B0D9B4918A92AAC00E4ED89 /* MenuDrivenExample.c */ = {isa = PBXFileReference; fileEncoding = 4; lastKnownFileType = sourcecode.c.c; path = MenuDrivenExample.c; sourceTree = "<group>"; };
		4B0D9B4A18A92AAC00E4ED89 /* MenuDrivenExample.h */ = {isa = PBXFileReference; fileEncoding = 4; lastKnownFileType = sourcecode.c.h; path = MenuDrivenExample.h; sourceTree = "<group>"; };
		4B0D9B4B18A92AAC00E4ED89 /* MethodJumpping.c */ = {isa = PBXFileReference; fileEncoding = 4; lastKnownFileType = sourcecode.c.c; path = MethodJumpping.c; sourceTree = "<group>"; };
		4B0D9B4C18A92AAC00E4ED89 /* MethodJumpping.h */ = {isa = PBXFileReference; fileEncoding = 4; lastKnownFileType = sourcecode.c.h; path = MethodJumpping.h; sourceTree = "<group>"; };
		4B0D9B4D18A92AAC00E4ED89 /* ObjectLifeCycle.c */ = {isa = PBXFileReference; fileEncoding = 4; lastKnownFileType = sourcecode.c.c; path = ObjectLifeCycle.c; sourceTree = "<group>"; };
		4B0D9B4E18A92AAC00E4ED89 /* ObjectLifeCycle.h */ = {isa = PBXFileReference; fileEncoding = 4; lastKnownFileType = sourcecode.c.h; path = ObjectLifeCycle.h; sourceTree = "<group>"; };
		4B0D9B5418A92AD100E4ED89 /* BirdCatA.c */ = {isa = PBXFileReference; fileEncoding = 4; lastKnownFileType = sourcecode.c.c; name = BirdCatA.c; path = category/BirdCatA.c; sourceTree = "<group>"; };
		4B0D9B5518A92AD100E4ED89 /* BirdCatA.h */ = {isa = PBXFileReference; fileEncoding = 4; lastKnownFileType = sourcecode.c.h; name = BirdCatA.h; path = category/BirdCatA.h; sourceTree = "<group>"; };
		4B0D9B5718A92AD100E4ED89 /* Bird.c */ = {isa = PBXFileReference; fileEncoding = 4; lastKnownFileType = sourcecode.c.c; name = Bird.c; path = class/Bird.c; sourceTree = "<group>"; };
		4B0D9B5818A92AD100E4ED89 /* Bird.h */ = {isa = PBXFileReference; fileEncoding = 4; lastKnownFileType = sourcecode.c.h; name = Bird.h; path = class/Bird.h; sourceTree = "<group>"; };
		4B0D9B5918A92AD100E4ED89 /* BirdFather.c */ = {isa = PBXFileReference; fileEncoding = 4; lastKnownFileType = sourcecode.c.c; name = BirdFather.c; path = class/BirdFather.c; sourceTree = "<group>"; };
		4B0D9B5A18A92AD100E4ED89 /* BirdFather.h */ = {isa = PBXFileReference; fileEncoding = 4; lastKnownFileType = sourcecode.c.h; name = BirdFather.h; path = class/BirdFather.h; sourceTree = "<group>"; };
		4B0D9B5B18A92AD100E4ED89 /* BirdGrandFather.c */ = {isa = PBXFileReference; fileEncoding = 4; lastKnownFileType = sourcecode.c.c; name = BirdGrandFather.c; path = class/BirdGrandFather.c; sourceTree = "<group>"; };
		4B0D9B5C18A92AD100E4ED89 /* BirdGrandFather.h */ = {isa = PBXFileReference; fileEncoding = 4; lastKnownFileType = sourcecode.c.h; name = BirdGrandFather.h; path = class/BirdGrandFather.h; sourceTree = "<group>"; };
		4B0D9B5E18A92AD100E4ED89 /* BirdModeA.c */ = {isa = PBXFileReference; fileEncoding = 4; lastKnownFileType = sourcecode.c.c; name = BirdModeA.c; path = classmode/BirdModeA.c; sourceTree = "<group>"; };
		4B0D9B5F18A92AD100E4ED89 /* BirdModeA.h */ = {isa = PBXFileReference; fileEncoding = 4; lastKnownFileType = sourcecode.c.h; name = BirdModeA.h; path = classmode/BirdModeA.h; sourceTree = "<group>"; };
		4B0D9B6118A92AD100E4ED89 /* Flyable.h */ = {isa = PBXFileReference; fileEncoding = 4; lastKnownFileType = sourcecode.c.h; name = Flyable.h; path = protocol/Flyable.h; sourceTree = "<group>"; };
		4B0D9B6818A92AF000E4ED89 /* Main.c */ = {isa = PBXFileReference; fileEncoding = 4; lastKnownFileType = sourcecode.c.c; path = Main.c; sourceTree = "<group>"; };
		4B9F30F51883B847009B94A9 /* example */ = {isa = PBXFileReference; explicitFileType = "compiled.mach-o.executable"; includeInIndex = 0; path = example; sourceTree = BUILT_PRODUCTS_DIR; };
		4BF11B3518AA7B9D00AD4C2B /* BirdBase.h */ = {isa = PBXFileReference; fileEncoding = 4; lastKnownFileType = sourcecode.c.h; path = BirdBase.h; sourceTree = "<group>"; };
		4BF11B3618AA7BC200AD4C2B /* BirdBase.c */ = {isa = PBXFileReference; fileEncoding = 4; lastKnownFileType = sourcecode.c.c; path = BirdBase.c; sourceTree = "<group>"; };
/* End PBXFileReference section */

/* Begin PBXFrameworksBuildPhase section */
		4B9F30F21883B847009B94A9 /* Frameworks */ = {
			isa = PBXFrameworksBuildPhase;
			buildActionMask = 2147483647;
			files = (
				4B0D9B4418A7EB5800E4ED89 /* liblemontea.a in Frameworks */,
				4B0D9B4218A7EB5300E4ED89 /* libmonkc.a in Frameworks */,
			);
			runOnlyForDeploymentPostprocessing = 0;
		};
/* End PBXFrameworksBuildPhase section */

/* Begin PBXGroup section */
		4B0D9B3018A7D56700E4ED89 /* src */ = {
			isa = PBXGroup;
			children = (
				4B0D9B6818A92AF000E4ED89 /* Main.c */,
				4B0D9B3118A7D56700E4ED89 /* LittleBird.c */,
				4B0D9B3218A7D56700E4ED89 /* LittleBird.h */,
				4B0D9B3318A7D56700E4ED89 /* LittleBirdFather.c */,
				4B0D9B3418A7D56700E4ED89 /* LittleBirdFather.h */,
				4BF11B3518AA7B9D00AD4C2B /* BirdBase.h */,
				4BF11B3618AA7BC200AD4C2B /* BirdBase.c */,
				4B0D9B4718A92AAC00E4ED89 /* ClientServerExample.c */,
				4B0D9B4818A92AAC00E4ED89 /* ClientServerExample.h */,
				4B0D9B4918A92AAC00E4ED89 /* MenuDrivenExample.c */,
				4B0D9B4A18A92AAC00E4ED89 /* MenuDrivenExample.h */,
				4B0D9B4B18A92AAC00E4ED89 /* MethodJumpping.c */,
				4B0D9B4C18A92AAC00E4ED89 /* MethodJumpping.h */,
				4B0D9B4D18A92AAC00E4ED89 /* ObjectLifeCycle.c */,
				4B0D9B4E18A92AAC00E4ED89 /* ObjectLifeCycle.h */,
				4B0D9B6118A92AD100E4ED89 /* Flyable.h */,
				4B0D9B5E18A92AD100E4ED89 /* BirdModeA.c */,
				4B0D9B5F18A92AD100E4ED89 /* BirdModeA.h */,
				4B0D9B5418A92AD100E4ED89 /* BirdCatA.c */,
				4B0D9B5518A92AD100E4ED89 /* BirdCatA.h */,
				4B0D9B5B18A92AD100E4ED89 /* BirdGrandFather.c */,
				4B0D9B5C18A92AD100E4ED89 /* BirdGrandFather.h */,
				4B0D9B5718A92AD100E4ED89 /* Bird.c */,
				4B0D9B5818A92AD100E4ED89 /* Bird.h */,
				4B0D9B5918A92AD100E4ED89 /* BirdFather.c */,
				4B0D9B5A18A92AD100E4ED89 /* BirdFather.h */,
			);
			path = src;
			sourceTree = "<group>";
		};
		4B9F30EC1883B847009B94A9 = {
			isa = PBXGroup;
			children = (
				4B0D9B4318A7EB5800E4ED89 /* liblemontea.a */,
				4B0D9B4118A7EB5300E4ED89 /* libmonkc.a */,
				4B0D9B3018A7D56700E4ED89 /* src */,
				4B9F30F61883B847009B94A9 /* Products */,
			);
			sourceTree = "<group>";
		};
		4B9F30F61883B847009B94A9 /* Products */ = {
			isa = PBXGroup;
			children = (
				4B9F30F51883B847009B94A9 /* example */,
			);
			name = Products;
			sourceTree = "<group>";
		};
/* End PBXGroup section */

/* Begin PBXNativeTarget section */
		4B9F30F41883B847009B94A9 /* example */ = {
			isa = PBXNativeTarget;
			buildConfigurationList = 4B9F30FE1883B847009B94A9 /* Build configuration list for PBXNativeTarget "example" */;
			buildPhases = (
				4B9F30F11883B847009B94A9 /* Sources */,
				4B9F30F21883B847009B94A9 /* Frameworks */,
				4B9F30F31883B847009B94A9 /* CopyFiles */,
			);
			buildRules = (
			);
			dependencies = (
			);
			name = example;
			productName = MonkCAppXcodeTemplete;
			productReference = 4B9F30F51883B847009B94A9 /* example */;
			productType = "com.apple.product-type.tool";
		};
/* End PBXNativeTarget section */

/* Begin PBXProject section */
		4B9F30ED1883B847009B94A9 /* Project object */ = {
			isa = PBXProject;
			attributes = {
				LastUpgradeCheck = 0500;
				ORGANIZATIONNAME = "sun yuli";
			};
			buildConfigurationList = 4B9F30F01883B847009B94A9 /* Build configuration list for PBXProject "example" */;
			compatibilityVersion = "Xcode 3.2";
			developmentRegion = English;
			hasScannedForEncodings = 0;
			knownRegions = (
				en,
			);
			mainGroup = 4B9F30EC1883B847009B94A9;
			productRefGroup = 4B9F30F61883B847009B94A9 /* Products */;
			projectDirPath = "";
			projectRoot = "";
			targets = (
				4B9F30F41883B847009B94A9 /* example */,
			);
		};
/* End PBXProject section */

/* Begin PBXSourcesBuildPhase section */
		4B9F30F11883B847009B94A9 /* Sources */ = {
			isa = PBXSourcesBuildPhase;
			buildActionMask = 2147483647;
			files = (
				4B0D9B6918A92AF000E4ED89 /* Main.c in Sources */,
				4B0D9B6318A92AD100E4ED89 /* Bird.c in Sources */,
				4B0D9B3918A7D56700E4ED89 /* LittleBirdFather.c in Sources */,
				4B0D9B5218A92AAC00E4ED89 /* ObjectLifeCycle.c in Sources */,
				4B0D9B4F18A92AAC00E4ED89 /* ClientServerExample.c in Sources */,
				4B0D9B6418A92AD100E4ED89 /* BirdFather.c in Sources */,
				4BF11B3718AA7BC200AD4C2B /* BirdBase.c in Sources */,
				4B0D9B3818A7D56700E4ED89 /* LittleBird.c in Sources */,
				4B0D9B6618A92AD100E4ED89 /* BirdModeA.c in Sources */,
				4B0D9B5018A92AAC00E4ED89 /* MenuDrivenExample.c in Sources */,
				4B0D9B6518A92AD100E4ED89 /* BirdGrandFather.c in Sources */,
				4B0D9B5118A92AAC00E4ED89 /* MethodJumpping.c in Sources */,
				4B0D9B6218A92AD100E4ED89 /* BirdCatA.c in Sources */,
			);
			runOnlyForDeploymentPostprocessing = 0;
		};
/* End PBXSourcesBuildPhase section */

/* Begin XCBuildConfiguration section */
		4B9F30FC1883B847009B94A9 /* Debug */ = {
			isa = XCBuildConfiguration;
			buildSettings = {
				ALWAYS_SEARCH_USER_PATHS = NO;
				CLANG_CXX_LANGUAGE_STANDARD = "gnu++0x";
				CLANG_CXX_LIBRARY = "libc++";
				CLANG_ENABLE_OBJC_ARC = YES;
				CLANG_WARN_BOOL_CONVERSION = YES;
				CLANG_WARN_CONSTANT_CONVERSION = YES;
				CLANG_WARN_DIRECT_OBJC_ISA_USAGE = YES_ERROR;
				CLANG_WARN_EMPTY_BODY = YES;
				CLANG_WARN_ENUM_CONVERSION = YES;
				CLANG_WARN_INT_CONVERSION = YES;
				CLANG_WARN_OBJC_ROOT_CLASS = YES_ERROR;
				CLANG_WARN__DUPLICATE_METHOD_MATCH = YES;
				COPY_PHASE_STRIP = NO;
				GCC_C_LANGUAGE_STANDARD = gnu99;
				GCC_DYNAMIC_NO_PIC = NO;
				GCC_ENABLE_OBJC_EXCEPTIONS = YES;
				GCC_OPTIMIZATION_LEVEL = 0;
				GCC_PREPROCESSOR_DEFINITIONS = (
					"DEBUG=1",
					"$(inherited)",
				);
				GCC_SYMBOLS_PRIVATE_EXTERN = NO;
				GCC_WARN_64_TO_32_BIT_CONVERSION = YES;
				GCC_WARN_ABOUT_RETURN_TYPE = YES_ERROR;
				GCC_WARN_UNDECLARED_SELECTOR = YES;
				GCC_WARN_UNINITIALIZED_AUTOS = YES;
				GCC_WARN_UNUSED_FUNCTION = YES;
				GCC_WARN_UNUSED_VARIABLE = YES;
				MACOSX_DEPLOYMENT_TARGET = 10.9;
				ONLY_ACTIVE_ARCH = YES;
				SDKROOT = macosx;
			};
			name = Debug;
		};
		4B9F30FD1883B847009B94A9 /* Release */ = {
			isa = XCBuildConfiguration;
			buildSettings = {
				ALWAYS_SEARCH_USER_PATHS = NO;
				CLANG_CXX_LANGUAGE_STANDARD = "gnu++0x";
				CLANG_CXX_LIBRARY = "libc++";
				CLANG_ENABLE_OBJC_ARC = YES;
				CLANG_WARN_BOOL_CONVERSION = YES;
				CLANG_WARN_CONSTANT_CONVERSION = YES;
				CLANG_WARN_DIRECT_OBJC_ISA_USAGE = YES_ERROR;
				CLANG_WARN_EMPTY_BODY = YES;
				CLANG_WARN_ENUM_CONVERSION = YES;
				CLANG_WARN_INT_CONVERSION = YES;
				CLANG_WARN_OBJC_ROOT_CLASS = YES_ERROR;
				CLANG_WARN__DUPLICATE_METHOD_MATCH = YES;
				COPY_PHASE_STRIP = YES;
				DEBUG_INFORMATION_FORMAT = "dwarf-with-dsym";
				ENABLE_NS_ASSERTIONS = NO;
				GCC_C_LANGUAGE_STANDARD = gnu99;
				GCC_ENABLE_OBJC_EXCEPTIONS = YES;
				GCC_WARN_64_TO_32_BIT_CONVERSION = YES;
				GCC_WARN_ABOUT_RETURN_TYPE = YES_ERROR;
				GCC_WARN_UNDECLARED_SELECTOR = YES;
				GCC_WARN_UNINITIALIZED_AUTOS = YES;
				GCC_WARN_UNUSED_FUNCTION = YES;
				GCC_WARN_UNUSED_VARIABLE = YES;
				MACOSX_DEPLOYMENT_TARGET = 10.9;
				SDKROOT = macosx;
			};
			name = Release;
		};
		4B9F30FF1883B847009B94A9 /* Debug */ = {
			isa = XCBuildConfiguration;
			buildSettings = {
				ALWAYS_SEARCH_USER_PATHS = YES;
				INSTALL_PATH = "$(SRCROOT)";
				LIBRARY_SEARCH_PATHS = (
					"$(inherited)",
					"$(USER_LIBRARY_DIR)/Developer/Xcode/DerivedData/MonkCWorkSpace-fmovabzixpzcxnguawdjmitbkzgl/Build/Products/Debug",
					"$(USER_LIBRARY_DIR)/Developer/Xcode/DerivedData/MonkCWorkSpace-fmovabzixpzcxnguawdjmitbkzgl/Build/Products/Release",
				);
				PRODUCT_NAME = example;
				USER_HEADER_SEARCH_PATHS = "$(BUILT_PRODUCTS_DIR)/**";
			};
			name = Debug;
		};
		4B9F31001883B847009B94A9 /* Release */ = {
			isa = XCBuildConfiguration;
			buildSettings = {
				ALWAYS_SEARCH_USER_PATHS = YES;
				INSTALL_PATH = "$(SRCROOT)";
				LIBRARY_SEARCH_PATHS = (
					"$(inherited)",
					"$(USER_LIBRARY_DIR)/Developer/Xcode/DerivedData/MonkCWorkSpace-fmovabzixpzcxnguawdjmitbkzgl/Build/Products/Debug",
					"$(USER_LIBRARY_DIR)/Developer/Xcode/DerivedData/MonkCWorkSpace-fmovabzixpzcxnguawdjmitbkzgl/Build/Products/Release",
				);
				PRODUCT_NAME = example;
				USER_HEADER_SEARCH_PATHS = "$(BUILT_PRODUCTS_DIR)/**";
			};
			name = Release;
		};
/* End XCBuildConfiguration section */

/* Begin XCConfigurationList section */
		4B9F30F01883B847009B94A9 /* Build configuration list for PBXProject "example" */ = {
			isa = XCConfigurationList;
			buildConfigurations = (
				4B9F30FC1883B847009B94A9 /* Debug */,
				4B9F30FD1883B847009B94A9 /* Release */,
			);
			defaultConfigurationIsVisible = 0;
			defaultConfigurationName = Release;
		};
		4B9F30FE1883B847009B94A9 /* Build configuration list for PBXNativeTarget "example" */ = {
			isa = XCConfigurationList;
			buildConfigurations = (
				4B9F30FF1883B847009B94A9 /* Debug */,
				4B9F31001883B847009B94A9 /* Release */,
			);
			defaultConfigurationIsVisible = 0;
			defaultConfigurationName = Release;
		};
/* End XCConfigurationList section */
	};
	rootObject = 4B9F30ED1883B847009B94A9 /* Project object */;
}
