// !$*UTF8*$!
{
	archiveVersion = 1;
	classes = {
	};
	objectVersion = 46;
	objects = {

/* Begin PBXBuildFile section */
		4B0D9AED18A7D4A000E4ED89 /* HashTable.c in Sources */ = {isa = PBXBuildFile; fileRef = 4B0D9AD618A7D4A000E4ED89 /* HashTable.c */; };
		4B0D9AEE18A7D4A000E4ED89 /* HashTable.h in Headers */ = {isa = PBXBuildFile; fileRef = 4B0D9AD718A7D4A000E4ED89 /* HashTable.h */; settings = {ATTRIBUTES = (Public, ); }; };
		4B0D9AEF18A7D4A000E4ED89 /* Key.c in Sources */ = {isa = PBXBuildFile; fileRef = 4B0D9AD818A7D4A000E4ED89 /* Key.c */; };
		4B0D9AF018A7D4A000E4ED89 /* Key.h in Headers */ = {isa = PBXBuildFile; fileRef = 4B0D9AD918A7D4A000E4ED89 /* Key.h */; settings = {ATTRIBUTES = (Public, ); }; };
		4B0D9AF118A7D4A000E4ED89 /* Lock.c in Sources */ = {isa = PBXBuildFile; fileRef = 4B0D9ADA18A7D4A000E4ED89 /* Lock.c */; };
		4B0D9AF218A7D4A000E4ED89 /* Lock.h in Headers */ = {isa = PBXBuildFile; fileRef = 4B0D9ADB18A7D4A000E4ED89 /* Lock.h */; settings = {ATTRIBUTES = (Public, ); }; };
		4B0D9AF318A7D4A000E4ED89 /* Log.c in Sources */ = {isa = PBXBuildFile; fileRef = 4B0D9ADC18A7D4A000E4ED89 /* Log.c */; };
		4B0D9AF418A7D4A000E4ED89 /* Log.h in Headers */ = {isa = PBXBuildFile; fileRef = 4B0D9ADD18A7D4A000E4ED89 /* Log.h */; settings = {ATTRIBUTES = (Public, ); }; };
		4B0D9AFA18A7D4A000E4ED89 /* MCRuntimeAsm_X8664_darwin.s in Sources */ = {isa = PBXBuildFile; fileRef = 4B0D9AE418A7D4A000E4ED89 /* MCRuntimeAsm_X8664_darwin.s */; };
		4B0D9AFB18A7D4A000E4ED89 /* Messaging.c in Sources */ = {isa = PBXBuildFile; fileRef = 4B0D9AE518A7D4A000E4ED89 /* Messaging.c */; };
		4B0D9AFC18A7D4A000E4ED89 /* Messaging.h in Headers */ = {isa = PBXBuildFile; fileRef = 4B0D9AE618A7D4A000E4ED89 /* Messaging.h */; settings = {ATTRIBUTES = (Public, ); }; };
		4B0D9AFD18A7D4A000E4ED89 /* monkc.c in Sources */ = {isa = PBXBuildFile; fileRef = 4B0D9AE718A7D4A000E4ED89 /* monkc.c */; };
		4B0D9AFE18A7D4A000E4ED89 /* monkc.h in Headers */ = {isa = PBXBuildFile; fileRef = 4B0D9AE818A7D4A000E4ED89 /* monkc.h */; settings = {ATTRIBUTES = (Public, ); }; };
		4B0D9AFF18A7D4A000E4ED89 /* ObjectManage.c in Sources */ = {isa = PBXBuildFile; fileRef = 4B0D9AE918A7D4A000E4ED89 /* ObjectManage.c */; };
		4B0D9B0018A7D4A000E4ED89 /* ObjectManage.h in Headers */ = {isa = PBXBuildFile; fileRef = 4B0D9AEA18A7D4A000E4ED89 /* ObjectManage.h */; settings = {ATTRIBUTES = (Public, ); }; };
		4B0D9B0118A7D4A000E4ED89 /* Vectors.c in Sources */ = {isa = PBXBuildFile; fileRef = 4B0D9AEB18A7D4A000E4ED89 /* Vectors.c */; };
		4B0D9B0218A7D4A000E4ED89 /* Vectors.h in Headers */ = {isa = PBXBuildFile; fileRef = 4B0D9AEC18A7D4A000E4ED89 /* Vectors.h */; settings = {ATTRIBUTES = (Public, ); }; };
/* End PBXBuildFile section */

/* Begin PBXFileReference section */
		4B0D9AD618A7D4A000E4ED89 /* HashTable.c */ = {isa = PBXFileReference; fileEncoding = 4; lastKnownFileType = sourcecode.c.c; path = HashTable.c; sourceTree = "<group>"; };
		4B0D9AD718A7D4A000E4ED89 /* HashTable.h */ = {isa = PBXFileReference; fileEncoding = 4; lastKnownFileType = sourcecode.c.h; path = HashTable.h; sourceTree = "<group>"; };
		4B0D9AD818A7D4A000E4ED89 /* Key.c */ = {isa = PBXFileReference; fileEncoding = 4; lastKnownFileType = sourcecode.c.c; path = Key.c; sourceTree = "<group>"; };
		4B0D9AD918A7D4A000E4ED89 /* Key.h */ = {isa = PBXFileReference; fileEncoding = 4; lastKnownFileType = sourcecode.c.h; path = Key.h; sourceTree = "<group>"; };
		4B0D9ADA18A7D4A000E4ED89 /* Lock.c */ = {isa = PBXFileReference; fileEncoding = 4; lastKnownFileType = sourcecode.c.c; path = Lock.c; sourceTree = "<group>"; };
		4B0D9ADB18A7D4A000E4ED89 /* Lock.h */ = {isa = PBXFileReference; fileEncoding = 4; lastKnownFileType = sourcecode.c.h; path = Lock.h; sourceTree = "<group>"; };
		4B0D9ADC18A7D4A000E4ED89 /* Log.c */ = {isa = PBXFileReference; fileEncoding = 4; lastKnownFileType = sourcecode.c.c; path = Log.c; sourceTree = "<group>"; };
		4B0D9ADD18A7D4A000E4ED89 /* Log.h */ = {isa = PBXFileReference; fileEncoding = 4; lastKnownFileType = sourcecode.c.h; path = Log.h; sourceTree = "<group>"; };
		4B0D9ADF18A7D4A000E4ED89 /* MCRuntimeAsm_ARM32.s */ = {isa = PBXFileReference; fileEncoding = 4; lastKnownFileType = sourcecode.asm; path = MCRuntimeAsm_ARM32.s; sourceTree = "<group>"; };
		4B0D9AE018A7D4A000E4ED89 /* MCRuntimeAsm_ARM64.s */ = {isa = PBXFileReference; fileEncoding = 4; lastKnownFileType = sourcecode.asm; path = MCRuntimeAsm_ARM64.s; sourceTree = "<group>"; };
		4B0D9AE118A7D4A000E4ED89 /* MCRuntimeAsm_IA32.s */ = {isa = PBXFileReference; fileEncoding = 4; lastKnownFileType = sourcecode.asm; path = MCRuntimeAsm_IA32.s; sourceTree = "<group>"; };
		4B0D9AE218A7D4A000E4ED89 /* MCRuntimeAsm_IA32_darwin.s */ = {isa = PBXFileReference; fileEncoding = 4; lastKnownFileType = sourcecode.asm; path = MCRuntimeAsm_IA32_darwin.s; sourceTree = "<group>"; };
		4B0D9AE318A7D4A000E4ED89 /* MCRuntimeAsm_X8664.s */ = {isa = PBXFileReference; fileEncoding = 4; lastKnownFileType = sourcecode.asm; path = MCRuntimeAsm_X8664.s; sourceTree = "<group>"; };
		4B0D9AE418A7D4A000E4ED89 /* MCRuntimeAsm_X8664_darwin.s */ = {isa = PBXFileReference; fileEncoding = 4; lastKnownFileType = sourcecode.asm; path = MCRuntimeAsm_X8664_darwin.s; sourceTree = "<group>"; };
		4B0D9AE518A7D4A000E4ED89 /* Messaging.c */ = {isa = PBXFileReference; fileEncoding = 4; lastKnownFileType = sourcecode.c.c; path = Messaging.c; sourceTree = "<group>"; };
		4B0D9AE618A7D4A000E4ED89 /* Messaging.h */ = {isa = PBXFileReference; fileEncoding = 4; lastKnownFileType = sourcecode.c.h; path = Messaging.h; sourceTree = "<group>"; };
		4B0D9AE718A7D4A000E4ED89 /* monkc.c */ = {isa = PBXFileReference; fileEncoding = 4; lastKnownFileType = sourcecode.c.c; path = monkc.c; sourceTree = "<group>"; };
		4B0D9AE818A7D4A000E4ED89 /* monkc.h */ = {isa = PBXFileReference; fileEncoding = 4; lastKnownFileType = sourcecode.c.h; path = monkc.h; sourceTree = "<group>"; };
		4B0D9AE918A7D4A000E4ED89 /* ObjectManage.c */ = {isa = PBXFileReference; fileEncoding = 4; lastKnownFileType = sourcecode.c.c; path = ObjectManage.c; sourceTree = "<group>"; };
		4B0D9AEA18A7D4A000E4ED89 /* ObjectManage.h */ = {isa = PBXFileReference; fileEncoding = 4; lastKnownFileType = sourcecode.c.h; path = ObjectManage.h; sourceTree = "<group>"; };
		4B0D9AEB18A7D4A000E4ED89 /* Vectors.c */ = {isa = PBXFileReference; fileEncoding = 4; lastKnownFileType = sourcecode.c.c; path = Vectors.c; sourceTree = "<group>"; };
		4B0D9AEC18A7D4A000E4ED89 /* Vectors.h */ = {isa = PBXFileReference; fileEncoding = 4; lastKnownFileType = sourcecode.c.h; path = Vectors.h; sourceTree = "<group>"; };
		4B9F30971883B560009B94A9 /* libmonkc.a */ = {isa = PBXFileReference; explicitFileType = archive.ar; includeInIndex = 0; path = libmonkc.a; sourceTree = BUILT_PRODUCTS_DIR; };
/* End PBXFileReference section */

/* Begin PBXFrameworksBuildPhase section */
		4B9F30941883B560009B94A9 /* Frameworks */ = {
			isa = PBXFrameworksBuildPhase;
			buildActionMask = 2147483647;
			files = (
			);
			runOnlyForDeploymentPostprocessing = 0;
		};
/* End PBXFrameworksBuildPhase section */

/* Begin PBXGroup section */
		4B0D9AD518A7D4A000E4ED89 /* src */ = {
			isa = PBXGroup;
			children = (
				4B0D9AD618A7D4A000E4ED89 /* HashTable.c */,
				4B0D9AD718A7D4A000E4ED89 /* HashTable.h */,
				4B0D9AD818A7D4A000E4ED89 /* Key.c */,
				4B0D9AD918A7D4A000E4ED89 /* Key.h */,
				4B0D9ADA18A7D4A000E4ED89 /* Lock.c */,
				4B0D9ADB18A7D4A000E4ED89 /* Lock.h */,
				4B0D9ADC18A7D4A000E4ED89 /* Log.c */,
				4B0D9ADD18A7D4A000E4ED89 /* Log.h */,
				4B0D9ADE18A7D4A000E4ED89 /* MCRuntimeAsm */,
				4B0D9AE518A7D4A000E4ED89 /* Messaging.c */,
				4B0D9AE618A7D4A000E4ED89 /* Messaging.h */,
				4B0D9AE718A7D4A000E4ED89 /* monkc.c */,
				4B0D9AE818A7D4A000E4ED89 /* monkc.h */,
				4B0D9AE918A7D4A000E4ED89 /* ObjectManage.c */,
				4B0D9AEA18A7D4A000E4ED89 /* ObjectManage.h */,
				4B0D9AEB18A7D4A000E4ED89 /* Vectors.c */,
				4B0D9AEC18A7D4A000E4ED89 /* Vectors.h */,
			);
			path = src;
			sourceTree = "<group>";
		};
		4B0D9ADE18A7D4A000E4ED89 /* MCRuntimeAsm */ = {
			isa = PBXGroup;
			children = (
				4B0D9ADF18A7D4A000E4ED89 /* MCRuntimeAsm_ARM32.s */,
				4B0D9AE018A7D4A000E4ED89 /* MCRuntimeAsm_ARM64.s */,
				4B0D9AE118A7D4A000E4ED89 /* MCRuntimeAsm_IA32.s */,
				4B0D9AE218A7D4A000E4ED89 /* MCRuntimeAsm_IA32_darwin.s */,
				4B0D9AE318A7D4A000E4ED89 /* MCRuntimeAsm_X8664.s */,
				4B0D9AE418A7D4A000E4ED89 /* MCRuntimeAsm_X8664_darwin.s */,
			);
			path = MCRuntimeAsm;
			sourceTree = "<group>";
		};
		4B9F308E1883B560009B94A9 = {
			isa = PBXGroup;
			children = (
				4B0D9AD518A7D4A000E4ED89 /* src */,
				4B9F30981883B560009B94A9 /* Products */,
			);
			sourceTree = "<group>";
		};
		4B9F30981883B560009B94A9 /* Products */ = {
			isa = PBXGroup;
			children = (
				4B9F30971883B560009B94A9 /* libmonkc.a */,
			);
			name = Products;
			sourceTree = "<group>";
		};
/* End PBXGroup section */

/* Begin PBXHeadersBuildPhase section */
		4B9F30951883B560009B94A9 /* Headers */ = {
			isa = PBXHeadersBuildPhase;
			buildActionMask = 2147483647;
			files = (
				4B0D9AF018A7D4A000E4ED89 /* Key.h in Headers */,
				4B0D9AF418A7D4A000E4ED89 /* Log.h in Headers */,
				4B0D9AFC18A7D4A000E4ED89 /* Messaging.h in Headers */,
				4B0D9AFE18A7D4A000E4ED89 /* monkc.h in Headers */,
				4B0D9B0018A7D4A000E4ED89 /* ObjectManage.h in Headers */,
				4B0D9B0218A7D4A000E4ED89 /* Vectors.h in Headers */,
				4B0D9AF218A7D4A000E4ED89 /* Lock.h in Headers */,
				4B0D9AEE18A7D4A000E4ED89 /* HashTable.h in Headers */,
			);
			runOnlyForDeploymentPostprocessing = 0;
		};
/* End PBXHeadersBuildPhase section */

/* Begin PBXNativeTarget section */
		4B9F30961883B560009B94A9 /* monkc */ = {
			isa = PBXNativeTarget;
			buildConfigurationList = 4B9F309B1883B560009B94A9 /* Build configuration list for PBXNativeTarget "monkc" */;
			buildPhases = (
				4B9F30931883B560009B94A9 /* Sources */,
				4B9F30941883B560009B94A9 /* Frameworks */,
				4B9F30951883B560009B94A9 /* Headers */,
			);
			buildRules = (
			);
			dependencies = (
			);
			name = monkc;
			productName = MonkCStatic;
			productReference = 4B9F30971883B560009B94A9 /* libmonkc.a */;
			productType = "com.apple.product-type.library.static";
		};
/* End PBXNativeTarget section */

/* Begin PBXProject section */
		4B9F308F1883B560009B94A9 /* Project object */ = {
			isa = PBXProject;
			attributes = {
				LastUpgradeCheck = 0500;
				ORGANIZATIONNAME = "sun yuli";
			};
			buildConfigurationList = 4B9F30921883B560009B94A9 /* Build configuration list for PBXProject "monkc" */;
			compatibilityVersion = "Xcode 3.2";
			developmentRegion = English;
			hasScannedForEncodings = 0;
			knownRegions = (
				en,
			);
			mainGroup = 4B9F308E1883B560009B94A9;
			productRefGroup = 4B9F30981883B560009B94A9 /* Products */;
			projectDirPath = "";
			projectRoot = "";
			targets = (
				4B9F30961883B560009B94A9 /* monkc */,
			);
		};
/* End PBXProject section */

/* Begin PBXSourcesBuildPhase section */
		4B9F30931883B560009B94A9 /* Sources */ = {
			isa = PBXSourcesBuildPhase;
			buildActionMask = 2147483647;
			files = (
				4B0D9AFD18A7D4A000E4ED89 /* monkc.c in Sources */,
				4B0D9AF318A7D4A000E4ED89 /* Log.c in Sources */,
				4B0D9AF118A7D4A000E4ED89 /* Lock.c in Sources */,
				4B0D9AFB18A7D4A000E4ED89 /* Messaging.c in Sources */,
				4B0D9AFA18A7D4A000E4ED89 /* MCRuntimeAsm_X8664_darwin.s in Sources */,
				4B0D9AFF18A7D4A000E4ED89 /* ObjectManage.c in Sources */,
				4B0D9AED18A7D4A000E4ED89 /* HashTable.c in Sources */,
				4B0D9B0118A7D4A000E4ED89 /* Vectors.c in Sources */,
				4B0D9AEF18A7D4A000E4ED89 /* Key.c in Sources */,
			);
			runOnlyForDeploymentPostprocessing = 0;
		};
/* End PBXSourcesBuildPhase section */

/* Begin XCBuildConfiguration section */
		4B9F30991883B560009B94A9 /* Debug */ = {
			isa = XCBuildConfiguration;
			buildSettings = {
				ALWAYS_SEARCH_USER_PATHS = NO;
				CLANG_CXX_LANGUAGE_STANDARD = "gnu++0x";
				CLANG_CXX_LIBRARY = "libc++";
				CLANG_ENABLE_OBJC_ARC = YES;
				CLANG_WARN_BOOL_CONVERSION = YES;
				CLANG_WARN_CONSTANT_CONVERSION = YES;
				CLANG_WARN_DIRECT_OBJC_ISA_USAGE = YES_ERROR;
				CLANG_WARN_EMPTY_BODY = YES;
				CLANG_WARN_ENUM_CONVERSION = YES;
				CLANG_WARN_INT_CONVERSION = YES;
				CLANG_WARN_OBJC_ROOT_CLASS = YES_ERROR;
				CLANG_WARN__DUPLICATE_METHOD_MATCH = YES;
				COPY_PHASE_STRIP = NO;
				GCC_C_LANGUAGE_STANDARD = gnu99;
				GCC_DYNAMIC_NO_PIC = NO;
				GCC_ENABLE_OBJC_EXCEPTIONS = YES;
				GCC_OPTIMIZATION_LEVEL = 0;
				GCC_PREPROCESSOR_DEFINITIONS = (
					"DEBUG=1",
					"$(inherited)",
				);
				GCC_SYMBOLS_PRIVATE_EXTERN = NO;
				GCC_WARN_64_TO_32_BIT_CONVERSION = YES;
				GCC_WARN_ABOUT_RETURN_TYPE = YES_ERROR;
				GCC_WARN_UNDECLARED_SELECTOR = YES;
				GCC_WARN_UNINITIALIZED_AUTOS = YES;
				GCC_WARN_UNUSED_FUNCTION = YES;
				GCC_WARN_UNUSED_VARIABLE = YES;
				MACOSX_DEPLOYMENT_TARGET = 10.9;
				ONLY_ACTIVE_ARCH = YES;
				SDKROOT = macosx;
			};
			name = Debug;
		};
		4B9F309A1883B560009B94A9 /* Release */ = {
			isa = XCBuildConfiguration;
			buildSettings = {
				ALWAYS_SEARCH_USER_PATHS = NO;
				CLANG_CXX_LANGUAGE_STANDARD = "gnu++0x";
				CLANG_CXX_LIBRARY = "libc++";
				CLANG_ENABLE_OBJC_ARC = YES;
				CLANG_WARN_BOOL_CONVERSION = YES;
				CLANG_WARN_CONSTANT_CONVERSION = YES;
				CLANG_WARN_DIRECT_OBJC_ISA_USAGE = YES_ERROR;
				CLANG_WARN_EMPTY_BODY = YES;
				CLANG_WARN_ENUM_CONVERSION = YES;
				CLANG_WARN_INT_CONVERSION = YES;
				CLANG_WARN_OBJC_ROOT_CLASS = YES_ERROR;
				CLANG_WARN__DUPLICATE_METHOD_MATCH = YES;
				COPY_PHASE_STRIP = YES;
				DEBUG_INFORMATION_FORMAT = "dwarf-with-dsym";
				ENABLE_NS_ASSERTIONS = NO;
				GCC_C_LANGUAGE_STANDARD = gnu99;
				GCC_ENABLE_OBJC_EXCEPTIONS = YES;
				GCC_WARN_64_TO_32_BIT_CONVERSION = YES;
				GCC_WARN_ABOUT_RETURN_TYPE = YES_ERROR;
				GCC_WARN_UNDECLARED_SELECTOR = YES;
				GCC_WARN_UNINITIALIZED_AUTOS = YES;
				GCC_WARN_UNUSED_FUNCTION = YES;
				GCC_WARN_UNUSED_VARIABLE = YES;
				MACOSX_DEPLOYMENT_TARGET = 10.9;
				SDKROOT = macosx;
			};
			name = Release;
		};
		4B9F309C1883B560009B94A9 /* Debug */ = {
			isa = XCBuildConfiguration;
			buildSettings = {
				EXECUTABLE_PREFIX = lib;
				PRODUCT_NAME = monkc;
				SDKROOT = macosx;
				SUPPORTED_PLATFORMS = macosx;
			};
			name = Debug;
		};
		4B9F309D1883B560009B94A9 /* Release */ = {
			isa = XCBuildConfiguration;
			buildSettings = {
				EXECUTABLE_PREFIX = lib;
				PRODUCT_NAME = monkc;
				SDKROOT = macosx;
				SUPPORTED_PLATFORMS = macosx;
			};
			name = Release;
		};
/* End XCBuildConfiguration section */

/* Begin XCConfigurationList section */
		4B9F30921883B560009B94A9 /* Build configuration list for PBXProject "monkc" */ = {
			isa = XCConfigurationList;
			buildConfigurations = (
				4B9F30991883B560009B94A9 /* Debug */,
				4B9F309A1883B560009B94A9 /* Release */,
			);
			defaultConfigurationIsVisible = 0;
			defaultConfigurationName = Release;
		};
		4B9F309B1883B560009B94A9 /* Build configuration list for PBXNativeTarget "monkc" */ = {
			isa = XCConfigurationList;
			buildConfigurations = (
				4B9F309C1883B560009B94A9 /* Debug */,
				4B9F309D1883B560009B94A9 /* Release */,
			);
			defaultConfigurationIsVisible = 0;
			defaultConfigurationName = Release;
		};
/* End XCConfigurationList section */
	};
	rootObject = 4B9F308F1883B560009B94A9 /* Project object */;
}
