// !$*UTF8*$!
{
	archiveVersion = 1;
	classes = {
	};
	objectVersion = 46;
	objects = {

/* Begin PBXBuildFile section */
		4B0D9B1A18A7D52700E4ED89 /* MCBuffer.c in Sources */ = {isa = PBXBuildFile; fileRef = 4B0D9B0418A7D52700E4ED89 /* MCBuffer.c */; };
		4B0D9B1B18A7D52700E4ED89 /* MCBuffer.h in Headers */ = {isa = PBXBuildFile; fileRef = 4B0D9B0518A7D52700E4ED89 /* MCBuffer.h */; settings = {ATTRIBUTES = (Public, ); }; };
		4B0D9B1C18A7D52700E4ED89 /* MCClock.c in Sources */ = {isa = PBXBuildFile; fileRef = 4B0D9B0618A7D52700E4ED89 /* MCClock.c */; };
		4B0D9B1D18A7D52700E4ED89 /* MCClock.h in Headers */ = {isa = PBXBuildFile; fileRef = 4B0D9B0718A7D52700E4ED89 /* MCClock.h */; settings = {ATTRIBUTES = (Public, ); }; };
		4B0D9B1E18A7D52700E4ED89 /* MCContext.c in Sources */ = {isa = PBXBuildFile; fileRef = 4B0D9B0818A7D52700E4ED89 /* MCContext.c */; };
		4B0D9B1F18A7D52700E4ED89 /* MCContext.h in Headers */ = {isa = PBXBuildFile; fileRef = 4B0D9B0918A7D52700E4ED89 /* MCContext.h */; settings = {ATTRIBUTES = (Public, ); }; };
		4B0D9B2018A7D52700E4ED89 /* MCException.c in Sources */ = {isa = PBXBuildFile; fileRef = 4B0D9B0A18A7D52700E4ED89 /* MCException.c */; };
		4B0D9B2118A7D52700E4ED89 /* MCException.h in Headers */ = {isa = PBXBuildFile; fileRef = 4B0D9B0B18A7D52700E4ED89 /* MCException.h */; settings = {ATTRIBUTES = (Public, ); }; };
		4B0D9B2218A7D52700E4ED89 /* MCIO.c in Sources */ = {isa = PBXBuildFile; fileRef = 4B0D9B0C18A7D52700E4ED89 /* MCIO.c */; };
		4B0D9B2318A7D52700E4ED89 /* MCIO.h in Headers */ = {isa = PBXBuildFile; fileRef = 4B0D9B0D18A7D52700E4ED89 /* MCIO.h */; settings = {ATTRIBUTES = (Public, ); }; };
		4B0D9B2418A7D52700E4ED89 /* MCMath.c in Sources */ = {isa = PBXBuildFile; fileRef = 4B0D9B0E18A7D52700E4ED89 /* MCMath.c */; };
		4B0D9B2518A7D52700E4ED89 /* MCMath.h in Headers */ = {isa = PBXBuildFile; fileRef = 4B0D9B0F18A7D52700E4ED89 /* MCMath.h */; settings = {ATTRIBUTES = (Public, ); }; };
		4B0D9B2618A7D52700E4ED89 /* MCProcess.c in Sources */ = {isa = PBXBuildFile; fileRef = 4B0D9B1018A7D52700E4ED89 /* MCProcess.c */; };
		4B0D9B2718A7D52700E4ED89 /* MCProcess.h in Headers */ = {isa = PBXBuildFile; fileRef = 4B0D9B1118A7D52700E4ED89 /* MCProcess.h */; settings = {ATTRIBUTES = (Public, ); }; };
		4B0D9B2818A7D52700E4ED89 /* MCSocket.c in Sources */ = {isa = PBXBuildFile; fileRef = 4B0D9B1218A7D52700E4ED89 /* MCSocket.c */; };
		4B0D9B2918A7D52700E4ED89 /* MCSocket.h in Headers */ = {isa = PBXBuildFile; fileRef = 4B0D9B1318A7D52700E4ED89 /* MCSocket.h */; settings = {ATTRIBUTES = (Public, ); }; };
		4B0D9B2A18A7D52700E4ED89 /* MCString.c in Sources */ = {isa = PBXBuildFile; fileRef = 4B0D9B1418A7D52700E4ED89 /* MCString.c */; };
		4B0D9B2B18A7D52700E4ED89 /* MCString.h in Headers */ = {isa = PBXBuildFile; fileRef = 4B0D9B1518A7D52700E4ED89 /* MCString.h */; settings = {ATTRIBUTES = (Public, ); }; };
		4B0D9B2C18A7D52700E4ED89 /* MCThread.c in Sources */ = {isa = PBXBuildFile; fileRef = 4B0D9B1618A7D52700E4ED89 /* MCThread.c */; };
		4B0D9B2D18A7D52700E4ED89 /* MCThread.h in Headers */ = {isa = PBXBuildFile; fileRef = 4B0D9B1718A7D52700E4ED89 /* MCThread.h */; settings = {ATTRIBUTES = (Public, ); }; };
		4B0D9B2E18A7D52700E4ED89 /* MCUnitTest.c in Sources */ = {isa = PBXBuildFile; fileRef = 4B0D9B1818A7D52700E4ED89 /* MCUnitTest.c */; };
		4B0D9B2F18A7D52700E4ED89 /* MCUnitTest.h in Headers */ = {isa = PBXBuildFile; fileRef = 4B0D9B1918A7D52700E4ED89 /* MCUnitTest.h */; settings = {ATTRIBUTES = (Public, ); }; };
		4B0D9B3D18A7D67C00E4ED89 /* libmonkc.a in Frameworks */ = {isa = PBXBuildFile; fileRef = 4B0D9B3C18A7D67C00E4ED89 /* libmonkc.a */; };
/* End PBXBuildFile section */

/* Begin PBXFileReference section */
		4B0D9B0418A7D52700E4ED89 /* MCBuffer.c */ = {isa = PBXFileReference; fileEncoding = 4; lastKnownFileType = sourcecode.c.c; path = MCBuffer.c; sourceTree = "<group>"; };
		4B0D9B0518A7D52700E4ED89 /* MCBuffer.h */ = {isa = PBXFileReference; fileEncoding = 4; lastKnownFileType = sourcecode.c.h; path = MCBuffer.h; sourceTree = "<group>"; };
		4B0D9B0618A7D52700E4ED89 /* MCClock.c */ = {isa = PBXFileReference; fileEncoding = 4; lastKnownFileType = sourcecode.c.c; path = MCClock.c; sourceTree = "<group>"; };
		4B0D9B0718A7D52700E4ED89 /* MCClock.h */ = {isa = PBXFileReference; fileEncoding = 4; lastKnownFileType = sourcecode.c.h; path = MCClock.h; sourceTree = "<group>"; };
		4B0D9B0818A7D52700E4ED89 /* MCContext.c */ = {isa = PBXFileReference; fileEncoding = 4; lastKnownFileType = sourcecode.c.c; path = MCContext.c; sourceTree = "<group>"; };
		4B0D9B0918A7D52700E4ED89 /* MCContext.h */ = {isa = PBXFileReference; fileEncoding = 4; lastKnownFileType = sourcecode.c.h; path = MCContext.h; sourceTree = "<group>"; };
		4B0D9B0A18A7D52700E4ED89 /* MCException.c */ = {isa = PBXFileReference; fileEncoding = 4; lastKnownFileType = sourcecode.c.c; path = MCException.c; sourceTree = "<group>"; };
		4B0D9B0B18A7D52700E4ED89 /* MCException.h */ = {isa = PBXFileReference; fileEncoding = 4; lastKnownFileType = sourcecode.c.h; path = MCException.h; sourceTree = "<group>"; };
		4B0D9B0C18A7D52700E4ED89 /* MCIO.c */ = {isa = PBXFileReference; fileEncoding = 4; lastKnownFileType = sourcecode.c.c; path = MCIO.c; sourceTree = "<group>"; };
		4B0D9B0D18A7D52700E4ED89 /* MCIO.h */ = {isa = PBXFileReference; fileEncoding = 4; lastKnownFileType = sourcecode.c.h; path = MCIO.h; sourceTree = "<group>"; };
		4B0D9B0E18A7D52700E4ED89 /* MCMath.c */ = {isa = PBXFileReference; fileEncoding = 4; lastKnownFileType = sourcecode.c.c; path = MCMath.c; sourceTree = "<group>"; };
		4B0D9B0F18A7D52700E4ED89 /* MCMath.h */ = {isa = PBXFileReference; fileEncoding = 4; lastKnownFileType = sourcecode.c.h; path = MCMath.h; sourceTree = "<group>"; };
		4B0D9B1018A7D52700E4ED89 /* MCProcess.c */ = {isa = PBXFileReference; fileEncoding = 4; lastKnownFileType = sourcecode.c.c; path = MCProcess.c; sourceTree = "<group>"; };
		4B0D9B1118A7D52700E4ED89 /* MCProcess.h */ = {isa = PBXFileReference; fileEncoding = 4; lastKnownFileType = sourcecode.c.h; path = MCProcess.h; sourceTree = "<group>"; };
		4B0D9B1218A7D52700E4ED89 /* MCSocket.c */ = {isa = PBXFileReference; fileEncoding = 4; lastKnownFileType = sourcecode.c.c; path = MCSocket.c; sourceTree = "<group>"; };
		4B0D9B1318A7D52700E4ED89 /* MCSocket.h */ = {isa = PBXFileReference; fileEncoding = 4; lastKnownFileType = sourcecode.c.h; path = MCSocket.h; sourceTree = "<group>"; };
		4B0D9B1418A7D52700E4ED89 /* MCString.c */ = {isa = PBXFileReference; fileEncoding = 4; lastKnownFileType = sourcecode.c.c; path = MCString.c; sourceTree = "<group>"; };
		4B0D9B1518A7D52700E4ED89 /* MCString.h */ = {isa = PBXFileReference; fileEncoding = 4; lastKnownFileType = sourcecode.c.h; path = MCString.h; sourceTree = "<group>"; };
		4B0D9B1618A7D52700E4ED89 /* MCThread.c */ = {isa = PBXFileReference; fileEncoding = 4; lastKnownFileType = sourcecode.c.c; path = MCThread.c; sourceTree = "<group>"; };
		4B0D9B1718A7D52700E4ED89 /* MCThread.h */ = {isa = PBXFileReference; fileEncoding = 4; lastKnownFileType = sourcecode.c.h; path = MCThread.h; sourceTree = "<group>"; };
		4B0D9B1818A7D52700E4ED89 /* MCUnitTest.c */ = {isa = PBXFileReference; fileEncoding = 4; lastKnownFileType = sourcecode.c.c; path = MCUnitTest.c; sourceTree = "<group>"; };
		4B0D9B1918A7D52700E4ED89 /* MCUnitTest.h */ = {isa = PBXFileReference; fileEncoding = 4; lastKnownFileType = sourcecode.c.h; path = MCUnitTest.h; sourceTree = "<group>"; };
		4B0D9B3C18A7D67C00E4ED89 /* libmonkc.a */ = {isa = PBXFileReference; lastKnownFileType = archive.ar; name = libmonkc.a; path = "../../../../../Library/Developer/Xcode/DerivedData/MonkCWorkSpace-fmovabzixpzcxnguawdjmitbkzgl/Build/Products/Debug/libmonkc.a"; sourceTree = "<group>"; };
		4BFC69A418A787910026C776 /* liblemontea.a */ = {isa = PBXFileReference; explicitFileType = archive.ar; includeInIndex = 0; path = liblemontea.a; sourceTree = BUILT_PRODUCTS_DIR; };
/* End PBXFileReference section */

/* Begin PBXFrameworksBuildPhase section */
		4BFC69A118A787910026C776 /* Frameworks */ = {
			isa = PBXFrameworksBuildPhase;
			buildActionMask = 2147483647;
			files = (
				4B0D9B3D18A7D67C00E4ED89 /* libmonkc.a in Frameworks */,
			);
			runOnlyForDeploymentPostprocessing = 0;
		};
/* End PBXFrameworksBuildPhase section */

/* Begin PBXGroup section */
		4B0D9B0318A7D52700E4ED89 /* src */ = {
			isa = PBXGroup;
			children = (
				4B0D9B0418A7D52700E4ED89 /* MCBuffer.c */,
				4B0D9B0518A7D52700E4ED89 /* MCBuffer.h */,
				4B0D9B0618A7D52700E4ED89 /* MCClock.c */,
				4B0D9B0718A7D52700E4ED89 /* MCClock.h */,
				4B0D9B0818A7D52700E4ED89 /* MCContext.c */,
				4B0D9B0918A7D52700E4ED89 /* MCContext.h */,
				4B0D9B0A18A7D52700E4ED89 /* MCException.c */,
				4B0D9B0B18A7D52700E4ED89 /* MCException.h */,
				4B0D9B0C18A7D52700E4ED89 /* MCIO.c */,
				4B0D9B0D18A7D52700E4ED89 /* MCIO.h */,
				4B0D9B0E18A7D52700E4ED89 /* MCMath.c */,
				4B0D9B0F18A7D52700E4ED89 /* MCMath.h */,
				4B0D9B1018A7D52700E4ED89 /* MCProcess.c */,
				4B0D9B1118A7D52700E4ED89 /* MCProcess.h */,
				4B0D9B1218A7D52700E4ED89 /* MCSocket.c */,
				4B0D9B1318A7D52700E4ED89 /* MCSocket.h */,
				4B0D9B1418A7D52700E4ED89 /* MCString.c */,
				4B0D9B1518A7D52700E4ED89 /* MCString.h */,
				4B0D9B1618A7D52700E4ED89 /* MCThread.c */,
				4B0D9B1718A7D52700E4ED89 /* MCThread.h */,
				4B0D9B1818A7D52700E4ED89 /* MCUnitTest.c */,
				4B0D9B1918A7D52700E4ED89 /* MCUnitTest.h */,
			);
			path = src;
			sourceTree = "<group>";
		};
		4BFC699B18A787910026C776 = {
			isa = PBXGroup;
			children = (
				4B0D9B3C18A7D67C00E4ED89 /* libmonkc.a */,
				4B0D9B0318A7D52700E4ED89 /* src */,
				4BFC69A518A787910026C776 /* Products */,
			);
			sourceTree = "<group>";
		};
		4BFC69A518A787910026C776 /* Products */ = {
			isa = PBXGroup;
			children = (
				4BFC69A418A787910026C776 /* liblemontea.a */,
			);
			name = Products;
			sourceTree = "<group>";
		};
/* End PBXGroup section */

/* Begin PBXHeadersBuildPhase section */
		4BFC69A218A787910026C776 /* Headers */ = {
			isa = PBXHeadersBuildPhase;
			buildActionMask = 2147483647;
			files = (
				4B0D9B2B18A7D52700E4ED89 /* MCString.h in Headers */,
				4B0D9B2318A7D52700E4ED89 /* MCIO.h in Headers */,
				4B0D9B2D18A7D52700E4ED89 /* MCThread.h in Headers */,
				4B0D9B2918A7D52700E4ED89 /* MCSocket.h in Headers */,
				4B0D9B1B18A7D52700E4ED89 /* MCBuffer.h in Headers */,
				4B0D9B2718A7D52700E4ED89 /* MCProcess.h in Headers */,
				4B0D9B1D18A7D52700E4ED89 /* MCClock.h in Headers */,
				4B0D9B2118A7D52700E4ED89 /* MCException.h in Headers */,
				4B0D9B2F18A7D52700E4ED89 /* MCUnitTest.h in Headers */,
				4B0D9B2518A7D52700E4ED89 /* MCMath.h in Headers */,
				4B0D9B1F18A7D52700E4ED89 /* MCContext.h in Headers */,
			);
			runOnlyForDeploymentPostprocessing = 0;
		};
/* End PBXHeadersBuildPhase section */

/* Begin PBXNativeTarget section */
		4BFC69A318A787910026C776 /* lemontea */ = {
			isa = PBXNativeTarget;
			buildConfigurationList = 4BFC69A818A787910026C776 /* Build configuration list for PBXNativeTarget "lemontea" */;
			buildPhases = (
				4BFC69A018A787910026C776 /* Sources */,
				4BFC69A118A787910026C776 /* Frameworks */,
				4BFC69A218A787910026C776 /* Headers */,
			);
			buildRules = (
			);
			dependencies = (
			);
			name = lemontea;
			productName = lemontea;
			productReference = 4BFC69A418A787910026C776 /* liblemontea.a */;
			productType = "com.apple.product-type.library.static";
		};
/* End PBXNativeTarget section */

/* Begin PBXProject section */
		4BFC699C18A787910026C776 /* Project object */ = {
			isa = PBXProject;
			attributes = {
				LastUpgradeCheck = 0500;
				ORGANIZATIONNAME = "sun yuli";
			};
			buildConfigurationList = 4BFC699F18A787910026C776 /* Build configuration list for PBXProject "lemontea" */;
			compatibilityVersion = "Xcode 3.2";
			developmentRegion = English;
			hasScannedForEncodings = 0;
			knownRegions = (
				en,
			);
			mainGroup = 4BFC699B18A787910026C776;
			productRefGroup = 4BFC69A518A787910026C776 /* Products */;
			projectDirPath = "";
			projectRoot = "";
			targets = (
				4BFC69A318A787910026C776 /* lemontea */,
			);
		};
/* End PBXProject section */

/* Begin PBXSourcesBuildPhase section */
		4BFC69A018A787910026C776 /* Sources */ = {
			isa = PBXSourcesBuildPhase;
			buildActionMask = 2147483647;
			files = (
				4B0D9B2218A7D52700E4ED89 /* MCIO.c in Sources */,
				4B0D9B1C18A7D52700E4ED89 /* MCClock.c in Sources */,
				4B0D9B2018A7D52700E4ED89 /* MCException.c in Sources */,
				4B0D9B2418A7D52700E4ED89 /* MCMath.c in Sources */,
				4B0D9B2818A7D52700E4ED89 /* MCSocket.c in Sources */,
				4B0D9B2E18A7D52700E4ED89 /* MCUnitTest.c in Sources */,
				4B0D9B2A18A7D52700E4ED89 /* MCString.c in Sources */,
				4B0D9B1A18A7D52700E4ED89 /* MCBuffer.c in Sources */,
				4B0D9B2C18A7D52700E4ED89 /* MCThread.c in Sources */,
				4B0D9B2618A7D52700E4ED89 /* MCProcess.c in Sources */,
				4B0D9B1E18A7D52700E4ED89 /* MCContext.c in Sources */,
			);
			runOnlyForDeploymentPostprocessing = 0;
		};
/* End PBXSourcesBuildPhase section */

/* Begin XCBuildConfiguration section */
		4BFC69A618A787910026C776 /* Debug */ = {
			isa = XCBuildConfiguration;
			buildSettings = {
				ALWAYS_SEARCH_USER_PATHS = YES;
				CLANG_CXX_LANGUAGE_STANDARD = "gnu++0x";
				CLANG_CXX_LIBRARY = "libc++";
				CLANG_ENABLE_OBJC_ARC = YES;
				CLANG_WARN_BOOL_CONVERSION = YES;
				CLANG_WARN_CONSTANT_CONVERSION = YES;
				CLANG_WARN_DIRECT_OBJC_ISA_USAGE = YES_ERROR;
				CLANG_WARN_EMPTY_BODY = YES;
				CLANG_WARN_ENUM_CONVERSION = YES;
				CLANG_WARN_INT_CONVERSION = YES;
				CLANG_WARN_OBJC_ROOT_CLASS = YES_ERROR;
				CLANG_WARN__DUPLICATE_METHOD_MATCH = YES;
				COPY_PHASE_STRIP = NO;
				GCC_C_LANGUAGE_STANDARD = gnu99;
				GCC_DYNAMIC_NO_PIC = NO;
				GCC_ENABLE_OBJC_EXCEPTIONS = YES;
				GCC_OPTIMIZATION_LEVEL = 0;
				GCC_PREPROCESSOR_DEFINITIONS = (
					"DEBUG=1",
					"$(inherited)",
				);
				GCC_SYMBOLS_PRIVATE_EXTERN = NO;
				GCC_WARN_64_TO_32_BIT_CONVERSION = YES;
				GCC_WARN_ABOUT_RETURN_TYPE = YES_ERROR;
				GCC_WARN_UNDECLARED_SELECTOR = YES;
				GCC_WARN_UNINITIALIZED_AUTOS = YES;
				GCC_WARN_UNUSED_FUNCTION = YES;
				GCC_WARN_UNUSED_VARIABLE = YES;
				MACOSX_DEPLOYMENT_TARGET = 10.9;
				ONLY_ACTIVE_ARCH = YES;
				SDKROOT = macosx;
				USER_HEADER_SEARCH_PATHS = "$(BUILT_PRODUCTS_DIR)/**";
			};
			name = Debug;
		};
		4BFC69A718A787910026C776 /* Release */ = {
			isa = XCBuildConfiguration;
			buildSettings = {
				ALWAYS_SEARCH_USER_PATHS = YES;
				CLANG_CXX_LANGUAGE_STANDARD = "gnu++0x";
				CLANG_CXX_LIBRARY = "libc++";
				CLANG_ENABLE_OBJC_ARC = YES;
				CLANG_WARN_BOOL_CONVERSION = YES;
				CLANG_WARN_CONSTANT_CONVERSION = YES;
				CLANG_WARN_DIRECT_OBJC_ISA_USAGE = YES_ERROR;
				CLANG_WARN_EMPTY_BODY = YES;
				CLANG_WARN_ENUM_CONVERSION = YES;
				CLANG_WARN_INT_CONVERSION = YES;
				CLANG_WARN_OBJC_ROOT_CLASS = YES_ERROR;
				CLANG_WARN__DUPLICATE_METHOD_MATCH = YES;
				COPY_PHASE_STRIP = YES;
				DEBUG_INFORMATION_FORMAT = "dwarf-with-dsym";
				ENABLE_NS_ASSERTIONS = NO;
				GCC_C_LANGUAGE_STANDARD = gnu99;
				GCC_ENABLE_OBJC_EXCEPTIONS = YES;
				GCC_WARN_64_TO_32_BIT_CONVERSION = YES;
				GCC_WARN_ABOUT_RETURN_TYPE = YES_ERROR;
				GCC_WARN_UNDECLARED_SELECTOR = YES;
				GCC_WARN_UNINITIALIZED_AUTOS = YES;
				GCC_WARN_UNUSED_FUNCTION = YES;
				GCC_WARN_UNUSED_VARIABLE = YES;
				MACOSX_DEPLOYMENT_TARGET = 10.9;
				SDKROOT = macosx;
				USER_HEADER_SEARCH_PATHS = "$(BUILT_PRODUCTS_DIR)/**";
			};
			name = Release;
		};
		4BFC69A918A787910026C776 /* Debug */ = {
			isa = XCBuildConfiguration;
			buildSettings = {
				EXECUTABLE_PREFIX = lib;
				HEADER_SEARCH_PATHS = "$(inherited)";
				LIBRARY_SEARCH_PATHS = (
					"$(inherited)",
					"$(USER_LIBRARY_DIR)/Developer/Xcode/DerivedData/MonkCWorkSpace-fmovabzixpzcxnguawdjmitbkzgl/Build/Products/Debug",
				);
				PRODUCT_NAME = "$(TARGET_NAME)";
			};
			name = Debug;
		};
		4BFC69AA18A787910026C776 /* Release */ = {
			isa = XCBuildConfiguration;
			buildSettings = {
				EXECUTABLE_PREFIX = lib;
				HEADER_SEARCH_PATHS = "$(inherited)";
				LIBRARY_SEARCH_PATHS = (
					"$(inherited)",
					"$(USER_LIBRARY_DIR)/Developer/Xcode/DerivedData/MonkCWorkSpace-fmovabzixpzcxnguawdjmitbkzgl/Build/Products/Debug",
				);
				PRODUCT_NAME = "$(TARGET_NAME)";
			};
			name = Release;
		};
/* End XCBuildConfiguration section */

/* Begin XCConfigurationList section */
		4BFC699F18A787910026C776 /* Build configuration list for PBXProject "lemontea" */ = {
			isa = XCConfigurationList;
			buildConfigurations = (
				4BFC69A618A787910026C776 /* Debug */,
				4BFC69A718A787910026C776 /* Release */,
			);
			defaultConfigurationIsVisible = 0;
			defaultConfigurationName = Release;
		};
		4BFC69A818A787910026C776 /* Build configuration list for PBXNativeTarget "lemontea" */ = {
			isa = XCConfigurationList;
			buildConfigurations = (
				4BFC69A918A787910026C776 /* Debug */,
				4BFC69AA18A787910026C776 /* Release */,
			);
			defaultConfigurationIsVisible = 0;
			defaultConfigurationName = Release;
		};
/* End XCConfigurationList section */
	};
	rootObject = 4BFC699C18A787910026C776 /* Project object */;
}
