// !$*UTF8*$!
{
	archiveVersion = 1;
	classes = {
	};
	objectVersion = 46;
	objects = {

/* Begin PBXBuildFile section */
		4B0FFE6E18AE6DC10015F4E0 /* Foundation.framework in Frameworks */ = {isa = PBXBuildFile; fileRef = 4B0FFE6D18AE6DC10015F4E0 /* Foundation.framework */; };
		4B0FFE7018AE6DC10015F4E0 /* CoreGraphics.framework in Frameworks */ = {isa = PBXBuildFile; fileRef = 4B0FFE6F18AE6DC10015F4E0 /* CoreGraphics.framework */; };
		4B0FFE7218AE6DC10015F4E0 /* UIKit.framework in Frameworks */ = {isa = PBXBuildFile; fileRef = 4B0FFE7118AE6DC10015F4E0 /* UIKit.framework */; };
		4B0FFE7818AE6DC10015F4E0 /* InfoPlist.strings in Resources */ = {isa = PBXBuildFile; fileRef = 4B0FFE7618AE6DC10015F4E0 /* InfoPlist.strings */; };
		4B0FFE7A18AE6DC10015F4E0 /* main.m in Sources */ = {isa = PBXBuildFile; fileRef = 4B0FFE7918AE6DC10015F4E0 /* main.m */; };
		4B0FFE7E18AE6DC10015F4E0 /* AppDelegate.m in Sources */ = {isa = PBXBuildFile; fileRef = 4B0FFE7D18AE6DC10015F4E0 /* AppDelegate.m */; };
		4B0FFE8018AE6DC10015F4E0 /* Images.xcassets in Resources */ = {isa = PBXBuildFile; fileRef = 4B0FFE7F18AE6DC10015F4E0 /* Images.xcassets */; };
		4B0FFE8718AE6DC10015F4E0 /* XCTest.framework in Frameworks */ = {isa = PBXBuildFile; fileRef = 4B0FFE8618AE6DC10015F4E0 /* XCTest.framework */; };
		4B0FFE8818AE6DC10015F4E0 /* Foundation.framework in Frameworks */ = {isa = PBXBuildFile; fileRef = 4B0FFE6D18AE6DC10015F4E0 /* Foundation.framework */; };
		4B0FFE8918AE6DC10015F4E0 /* UIKit.framework in Frameworks */ = {isa = PBXBuildFile; fileRef = 4B0FFE7118AE6DC10015F4E0 /* UIKit.framework */; };
		4B0FFE9118AE6DC10015F4E0 /* InfoPlist.strings in Resources */ = {isa = PBXBuildFile; fileRef = 4B0FFE8F18AE6DC10015F4E0 /* InfoPlist.strings */; };
		4B0FFE9318AE6DC10015F4E0 /* iosAppUseMonkCTests.m in Sources */ = {isa = PBXBuildFile; fileRef = 4B0FFE9218AE6DC10015F4E0 /* iosAppUseMonkCTests.m */; };
		4B0FFEA618AE6FE50015F4E0 /* monkcInterface.c in Sources */ = {isa = PBXBuildFile; fileRef = 4B0FFEA518AE6FE50015F4E0 /* monkcInterface.c */; };
		4B0FFEA918AE70830015F4E0 /* Bird.c in Sources */ = {isa = PBXBuildFile; fileRef = 4B0FFEA818AE70830015F4E0 /* Bird.c */; };
		4B0FFEAD18AE74490015F4E0 /* libmonkc4ios_simulator.a in Frameworks */ = {isa = PBXBuildFile; fileRef = 4B0FFEAB18AE74490015F4E0 /* libmonkc4ios_simulator.a */; };
		4B0FFEAE18AE74490015F4E0 /* libmonkc4ios.a in Frameworks */ = {isa = PBXBuildFile; fileRef = 4B0FFEAC18AE74490015F4E0 /* libmonkc4ios.a */; };
		4B0FFEC618AE7BC00015F4E0 /* MCBuffer.c in Sources */ = {isa = PBXBuildFile; fileRef = 4B0FFEB018AE7BC00015F4E0 /* MCBuffer.c */; };
		4B0FFEC718AE7BC00015F4E0 /* MCClock.c in Sources */ = {isa = PBXBuildFile; fileRef = 4B0FFEB218AE7BC00015F4E0 /* MCClock.c */; };
		4B0FFEC818AE7BC00015F4E0 /* MCContext.c in Sources */ = {isa = PBXBuildFile; fileRef = 4B0FFEB418AE7BC00015F4E0 /* MCContext.c */; };
		4B0FFEC918AE7BC00015F4E0 /* MCException.c in Sources */ = {isa = PBXBuildFile; fileRef = 4B0FFEB618AE7BC00015F4E0 /* MCException.c */; };
		4B0FFECA18AE7BC00015F4E0 /* MCIO.c in Sources */ = {isa = PBXBuildFile; fileRef = 4B0FFEB818AE7BC00015F4E0 /* MCIO.c */; };
		4B0FFECB18AE7BC00015F4E0 /* MCMath.c in Sources */ = {isa = PBXBuildFile; fileRef = 4B0FFEBA18AE7BC00015F4E0 /* MCMath.c */; };
		4B0FFECC18AE7BC00015F4E0 /* MCProcess.c in Sources */ = {isa = PBXBuildFile; fileRef = 4B0FFEBC18AE7BC00015F4E0 /* MCProcess.c */; };
		4B0FFECD18AE7BC00015F4E0 /* MCSocket.c in Sources */ = {isa = PBXBuildFile; fileRef = 4B0FFEBE18AE7BC00015F4E0 /* MCSocket.c */; };
		4B0FFECE18AE7BC00015F4E0 /* MCString.c in Sources */ = {isa = PBXBuildFile; fileRef = 4B0FFEC018AE7BC00015F4E0 /* MCString.c */; };
		4B0FFECF18AE7BC00015F4E0 /* MCThread.c in Sources */ = {isa = PBXBuildFile; fileRef = 4B0FFEC218AE7BC00015F4E0 /* MCThread.c */; };
		4B0FFED018AE7BC00015F4E0 /* MCUnitTest.c in Sources */ = {isa = PBXBuildFile; fileRef = 4B0FFEC418AE7BC00015F4E0 /* MCUnitTest.c */; };
		4B0FFED618AE87100015F4E0 /* BirdFather.c in Sources */ = {isa = PBXBuildFile; fileRef = 4B0FFED518AE87100015F4E0 /* BirdFather.c */; };
/* End PBXBuildFile section */

/* Begin PBXContainerItemProxy section */
		4B0FFE8A18AE6DC10015F4E0 /* PBXContainerItemProxy */ = {
			isa = PBXContainerItemProxy;
			containerPortal = 4B0FFE6218AE6DC10015F4E0 /* Project object */;
			proxyType = 1;
			remoteGlobalIDString = 4B0FFE6918AE6DC10015F4E0;
			remoteInfo = iosAppUseMonkC;
		};
/* End PBXContainerItemProxy section */

/* Begin PBXFileReference section */
		4B0FFE6A18AE6DC10015F4E0 /* iosAppUseMonkC.app */ = {isa = PBXFileReference; explicitFileType = wrapper.application; includeInIndex = 0; path = iosAppUseMonkC.app; sourceTree = BUILT_PRODUCTS_DIR; };
		4B0FFE6D18AE6DC10015F4E0 /* Foundation.framework */ = {isa = PBXFileReference; lastKnownFileType = wrapper.framework; name = Foundation.framework; path = System/Library/Frameworks/Foundation.framework; sourceTree = SDKROOT; };
		4B0FFE6F18AE6DC10015F4E0 /* CoreGraphics.framework */ = {isa = PBXFileReference; lastKnownFileType = wrapper.framework; name = CoreGraphics.framework; path = System/Library/Frameworks/CoreGraphics.framework; sourceTree = SDKROOT; };
		4B0FFE7118AE6DC10015F4E0 /* UIKit.framework */ = {isa = PBXFileReference; lastKnownFileType = wrapper.framework; name = UIKit.framework; path = System/Library/Frameworks/UIKit.framework; sourceTree = SDKROOT; };
		4B0FFE7518AE6DC10015F4E0 /* iosAppUseMonkC-Info.plist */ = {isa = PBXFileReference; lastKnownFileType = text.plist.xml; path = "iosAppUseMonkC-Info.plist"; sourceTree = "<group>"; };
		4B0FFE7718AE6DC10015F4E0 /* en */ = {isa = PBXFileReference; lastKnownFileType = text.plist.strings; name = en; path = en.lproj/InfoPlist.strings; sourceTree = "<group>"; };
		4B0FFE7918AE6DC10015F4E0 /* main.m */ = {isa = PBXFileReference; lastKnownFileType = sourcecode.c.objc; path = main.m; sourceTree = "<group>"; };
		4B0FFE7B18AE6DC10015F4E0 /* iosAppUseMonkC-Prefix.pch */ = {isa = PBXFileReference; lastKnownFileType = sourcecode.c.h; path = "iosAppUseMonkC-Prefix.pch"; sourceTree = "<group>"; };
		4B0FFE7C18AE6DC10015F4E0 /* AppDelegate.h */ = {isa = PBXFileReference; lastKnownFileType = sourcecode.c.h; path = AppDelegate.h; sourceTree = "<group>"; };
		4B0FFE7D18AE6DC10015F4E0 /* AppDelegate.m */ = {isa = PBXFileReference; lastKnownFileType = sourcecode.c.objc; path = AppDelegate.m; sourceTree = "<group>"; };
		4B0FFE7F18AE6DC10015F4E0 /* Images.xcassets */ = {isa = PBXFileReference; lastKnownFileType = folder.assetcatalog; path = Images.xcassets; sourceTree = "<group>"; };
		4B0FFE8518AE6DC10015F4E0 /* iosAppUseMonkCTests.xctest */ = {isa = PBXFileReference; explicitFileType = wrapper.cfbundle; includeInIndex = 0; path = iosAppUseMonkCTests.xctest; sourceTree = BUILT_PRODUCTS_DIR; };
		4B0FFE8618AE6DC10015F4E0 /* XCTest.framework */ = {isa = PBXFileReference; lastKnownFileType = wrapper.framework; name = XCTest.framework; path = Library/Frameworks/XCTest.framework; sourceTree = DEVELOPER_DIR; };
		4B0FFE8E18AE6DC10015F4E0 /* iosAppUseMonkCTests-Info.plist */ = {isa = PBXFileReference; lastKnownFileType = text.plist.xml; path = "iosAppUseMonkCTests-Info.plist"; sourceTree = "<group>"; };
		4B0FFE9018AE6DC10015F4E0 /* en */ = {isa = PBXFileReference; lastKnownFileType = text.plist.strings; name = en; path = en.lproj/InfoPlist.strings; sourceTree = "<group>"; };
		4B0FFE9218AE6DC10015F4E0 /* iosAppUseMonkCTests.m */ = {isa = PBXFileReference; lastKnownFileType = sourcecode.c.objc; path = iosAppUseMonkCTests.m; sourceTree = "<group>"; };
		4B0FFEA418AE6FCD0015F4E0 /* monkcInterface.h */ = {isa = PBXFileReference; fileEncoding = 4; lastKnownFileType = sourcecode.c.h; path = monkcInterface.h; sourceTree = "<group>"; };
		4B0FFEA518AE6FE50015F4E0 /* monkcInterface.c */ = {isa = PBXFileReference; fileEncoding = 4; lastKnownFileType = sourcecode.c.c; path = monkcInterface.c; sourceTree = "<group>"; };
		4B0FFEA718AE70700015F4E0 /* Bird.h */ = {isa = PBXFileReference; fileEncoding = 4; lastKnownFileType = sourcecode.c.h; path = Bird.h; sourceTree = "<group>"; };
		4B0FFEA818AE70830015F4E0 /* Bird.c */ = {isa = PBXFileReference; fileEncoding = 4; lastKnownFileType = sourcecode.c.c; path = Bird.c; sourceTree = "<group>"; };
		4B0FFEAB18AE74490015F4E0 /* libmonkc4ios_simulator.a */ = {isa = PBXFileReference; lastKnownFileType = archive.ar; path = libmonkc4ios_simulator.a; sourceTree = "<group>"; };
		4B0FFEAC18AE74490015F4E0 /* libmonkc4ios.a */ = {isa = PBXFileReference; lastKnownFileType = archive.ar; path = libmonkc4ios.a; sourceTree = "<group>"; };
		4B0FFEAF18AE74670015F4E0 /* monkc.h */ = {isa = PBXFileReference; fileEncoding = 4; lastKnownFileType = sourcecode.c.h; path = monkc.h; sourceTree = "<group>"; };
		4B0FFEB018AE7BC00015F4E0 /* MCBuffer.c */ = {isa = PBXFileReference; fileEncoding = 4; lastKnownFileType = sourcecode.c.c; path = MCBuffer.c; sourceTree = "<group>"; };
		4B0FFEB118AE7BC00015F4E0 /* MCBuffer.h */ = {isa = PBXFileReference; fileEncoding = 4; lastKnownFileType = sourcecode.c.h; path = MCBuffer.h; sourceTree = "<group>"; };
		4B0FFEB218AE7BC00015F4E0 /* MCClock.c */ = {isa = PBXFileReference; fileEncoding = 4; lastKnownFileType = sourcecode.c.c; path = MCClock.c; sourceTree = "<group>"; };
		4B0FFEB318AE7BC00015F4E0 /* MCClock.h */ = {isa = PBXFileReference; fileEncoding = 4; lastKnownFileType = sourcecode.c.h; path = MCClock.h; sourceTree = "<group>"; };
		4B0FFEB418AE7BC00015F4E0 /* MCContext.c */ = {isa = PBXFileReference; fileEncoding = 4; lastKnownFileType = sourcecode.c.c; path = MCContext.c; sourceTree = "<group>"; };
		4B0FFEB518AE7BC00015F4E0 /* MCContext.h */ = {isa = PBXFileReference; fileEncoding = 4; lastKnownFileType = sourcecode.c.h; path = MCContext.h; sourceTree = "<group>"; };
		4B0FFEB618AE7BC00015F4E0 /* MCException.c */ = {isa = PBXFileReference; fileEncoding = 4; lastKnownFileType = sourcecode.c.c; path = MCException.c; sourceTree = "<group>"; };
		4B0FFEB718AE7BC00015F4E0 /* MCException.h */ = {isa = PBXFileReference; fileEncoding = 4; lastKnownFileType = sourcecode.c.h; path = MCException.h; sourceTree = "<group>"; };
		4B0FFEB818AE7BC00015F4E0 /* MCIO.c */ = {isa = PBXFileReference; fileEncoding = 4; lastKnownFileType = sourcecode.c.c; path = MCIO.c; sourceTree = "<group>"; };
		4B0FFEB918AE7BC00015F4E0 /* MCIO.h */ = {isa = PBXFileReference; fileEncoding = 4; lastKnownFileType = sourcecode.c.h; path = MCIO.h; sourceTree = "<group>"; };
		4B0FFEBA18AE7BC00015F4E0 /* MCMath.c */ = {isa = PBXFileReference; fileEncoding = 4; lastKnownFileType = sourcecode.c.c; path = MCMath.c; sourceTree = "<group>"; };
		4B0FFEBB18AE7BC00015F4E0 /* MCMath.h */ = {isa = PBXFileReference; fileEncoding = 4; lastKnownFileType = sourcecode.c.h; path = MCMath.h; sourceTree = "<group>"; };
		4B0FFEBC18AE7BC00015F4E0 /* MCProcess.c */ = {isa = PBXFileReference; fileEncoding = 4; lastKnownFileType = sourcecode.c.c; path = MCProcess.c; sourceTree = "<group>"; };
		4B0FFEBD18AE7BC00015F4E0 /* MCProcess.h */ = {isa = PBXFileReference; fileEncoding = 4; lastKnownFileType = sourcecode.c.h; path = MCProcess.h; sourceTree = "<group>"; };
		4B0FFEBE18AE7BC00015F4E0 /* MCSocket.c */ = {isa = PBXFileReference; fileEncoding = 4; lastKnownFileType = sourcecode.c.c; path = MCSocket.c; sourceTree = "<group>"; };
		4B0FFEBF18AE7BC00015F4E0 /* MCSocket.h */ = {isa = PBXFileReference; fileEncoding = 4; lastKnownFileType = sourcecode.c.h; path = MCSocket.h; sourceTree = "<group>"; };
		4B0FFEC018AE7BC00015F4E0 /* MCString.c */ = {isa = PBXFileReference; fileEncoding = 4; lastKnownFileType = sourcecode.c.c; path = MCString.c; sourceTree = "<group>"; };
		4B0FFEC118AE7BC00015F4E0 /* MCString.h */ = {isa = PBXFileReference; fileEncoding = 4; lastKnownFileType = sourcecode.c.h; path = MCString.h; sourceTree = "<group>"; };
		4B0FFEC218AE7BC00015F4E0 /* MCThread.c */ = {isa = PBXFileReference; fileEncoding = 4; lastKnownFileType = sourcecode.c.c; path = MCThread.c; sourceTree = "<group>"; };
		4B0FFEC318AE7BC00015F4E0 /* MCThread.h */ = {isa = PBXFileReference; fileEncoding = 4; lastKnownFileType = sourcecode.c.h; path = MCThread.h; sourceTree = "<group>"; };
		4B0FFEC418AE7BC00015F4E0 /* MCUnitTest.c */ = {isa = PBXFileReference; fileEncoding = 4; lastKnownFileType = sourcecode.c.c; path = MCUnitTest.c; sourceTree = "<group>"; };
		4B0FFEC518AE7BC00015F4E0 /* MCUnitTest.h */ = {isa = PBXFileReference; fileEncoding = 4; lastKnownFileType = sourcecode.c.h; path = MCUnitTest.h; sourceTree = "<group>"; };
		4B0FFED418AE86F50015F4E0 /* BirdFather.h */ = {isa = PBXFileReference; fileEncoding = 4; lastKnownFileType = sourcecode.c.h; path = BirdFather.h; sourceTree = "<group>"; };
		4B0FFED518AE87100015F4E0 /* BirdFather.c */ = {isa = PBXFileReference; fileEncoding = 4; lastKnownFileType = sourcecode.c.c; path = BirdFather.c; sourceTree = "<group>"; };
/* End PBXFileReference section */

/* Begin PBXFrameworksBuildPhase section */
		4B0FFE6718AE6DC10015F4E0 /* Frameworks */ = {
			isa = PBXFrameworksBuildPhase;
			buildActionMask = 2147483647;
			files = (
				4B0FFEAD18AE74490015F4E0 /* libmonkc4ios_simulator.a in Frameworks */,
				4B0FFE7018AE6DC10015F4E0 /* CoreGraphics.framework in Frameworks */,
				4B0FFE7218AE6DC10015F4E0 /* UIKit.framework in Frameworks */,
				4B0FFE6E18AE6DC10015F4E0 /* Foundation.framework in Frameworks */,
				4B0FFEAE18AE74490015F4E0 /* libmonkc4ios.a in Frameworks */,
			);
			runOnlyForDeploymentPostprocessing = 0;
		};
		4B0FFE8218AE6DC10015F4E0 /* Frameworks */ = {
			isa = PBXFrameworksBuildPhase;
			buildActionMask = 2147483647;
			files = (
				4B0FFE8718AE6DC10015F4E0 /* XCTest.framework in Frameworks */,
				4B0FFE8918AE6DC10015F4E0 /* UIKit.framework in Frameworks */,
				4B0FFE8818AE6DC10015F4E0 /* Foundation.framework in Frameworks */,
			);
			runOnlyForDeploymentPostprocessing = 0;
		};
/* End PBXFrameworksBuildPhase section */

/* Begin PBXGroup section */
		4B0FFE6118AE6DC10015F4E0 = {
			isa = PBXGroup;
			children = (
				4B0FFE7318AE6DC10015F4E0 /* iosAppUseMonkC */,
				4B0FFE8C18AE6DC10015F4E0 /* iosAppUseMonkCTests */,
				4B0FFE6C18AE6DC10015F4E0 /* Frameworks */,
				4B0FFE6B18AE6DC10015F4E0 /* Products */,
				4B0FFE9C18AE6E110015F4E0 /* Libs */,
			);
			sourceTree = "<group>";
		};
		4B0FFE6B18AE6DC10015F4E0 /* Products */ = {
			isa = PBXGroup;
			children = (
				4B0FFE6A18AE6DC10015F4E0 /* iosAppUseMonkC.app */,
				4B0FFE8518AE6DC10015F4E0 /* iosAppUseMonkCTests.xctest */,
			);
			name = Products;
			sourceTree = "<group>";
		};
		4B0FFE6C18AE6DC10015F4E0 /* Frameworks */ = {
			isa = PBXGroup;
			children = (
				4B0FFE6D18AE6DC10015F4E0 /* Foundation.framework */,
				4B0FFE6F18AE6DC10015F4E0 /* CoreGraphics.framework */,
				4B0FFE7118AE6DC10015F4E0 /* UIKit.framework */,
				4B0FFE8618AE6DC10015F4E0 /* XCTest.framework */,
			);
			name = Frameworks;
			sourceTree = "<group>";
		};
		4B0FFE7318AE6DC10015F4E0 /* iosAppUseMonkC */ = {
			isa = PBXGroup;
			children = (
				4B0FFE7C18AE6DC10015F4E0 /* AppDelegate.h */,
				4B0FFE7D18AE6DC10015F4E0 /* AppDelegate.m */,
				4B0FFE7F18AE6DC10015F4E0 /* Images.xcassets */,
				4B0FFE7418AE6DC10015F4E0 /* Supporting Files */,
				4B0FFED318AE86A60015F4E0 /* monkcClasses */,
				4B0FFED218AE7BFF0015F4E0 /* lemontea */,
			);
			path = iosAppUseMonkC;
			sourceTree = "<group>";
		};
		4B0FFE7418AE6DC10015F4E0 /* Supporting Files */ = {
			isa = PBXGroup;
			children = (
				4B0FFE7518AE6DC10015F4E0 /* iosAppUseMonkC-Info.plist */,
				4B0FFE7618AE6DC10015F4E0 /* InfoPlist.strings */,
				4B0FFE7918AE6DC10015F4E0 /* main.m */,
				4B0FFE7B18AE6DC10015F4E0 /* iosAppUseMonkC-Prefix.pch */,
			);
			name = "Supporting Files";
			sourceTree = "<group>";
		};
		4B0FFE8C18AE6DC10015F4E0 /* iosAppUseMonkCTests */ = {
			isa = PBXGroup;
			children = (
				4B0FFE9218AE6DC10015F4E0 /* iosAppUseMonkCTests.m */,
				4B0FFE8D18AE6DC10015F4E0 /* Supporting Files */,
			);
			path = iosAppUseMonkCTests;
			sourceTree = "<group>";
		};
		4B0FFE8D18AE6DC10015F4E0 /* Supporting Files */ = {
			isa = PBXGroup;
			children = (
				4B0FFE8E18AE6DC10015F4E0 /* iosAppUseMonkCTests-Info.plist */,
				4B0FFE8F18AE6DC10015F4E0 /* InfoPlist.strings */,
			);
			name = "Supporting Files";
			sourceTree = "<group>";
		};
		4B0FFE9C18AE6E110015F4E0 /* Libs */ = {
			isa = PBXGroup;
			children = (
				4B0FFE9D18AE6E110015F4E0 /* include */,
				4B0FFE9F18AE6E110015F4E0 /* lib */,
			);
			path = Libs;
			sourceTree = "<group>";
		};
		4B0FFE9D18AE6E110015F4E0 /* include */ = {
			isa = PBXGroup;
			children = (
				4B0FFEAF18AE74670015F4E0 /* monkc.h */,
			);
			path = include;
			sourceTree = "<group>";
		};
		4B0FFE9F18AE6E110015F4E0 /* lib */ = {
			isa = PBXGroup;
			children = (
				4B0FFEAB18AE74490015F4E0 /* libmonkc4ios_simulator.a */,
				4B0FFEAC18AE74490015F4E0 /* libmonkc4ios.a */,
			);
			path = lib;
			sourceTree = "<group>";
		};
		4B0FFED218AE7BFF0015F4E0 /* lemontea */ = {
			isa = PBXGroup;
			children = (
				4B0FFEB018AE7BC00015F4E0 /* MCBuffer.c */,
				4B0FFEB118AE7BC00015F4E0 /* MCBuffer.h */,
				4B0FFEB218AE7BC00015F4E0 /* MCClock.c */,
				4B0FFEB318AE7BC00015F4E0 /* MCClock.h */,
				4B0FFEB418AE7BC00015F4E0 /* MCContext.c */,
				4B0FFEB518AE7BC00015F4E0 /* MCContext.h */,
				4B0FFEB618AE7BC00015F4E0 /* MCException.c */,
				4B0FFEB718AE7BC00015F4E0 /* MCException.h */,
				4B0FFEB818AE7BC00015F4E0 /* MCIO.c */,
				4B0FFEB918AE7BC00015F4E0 /* MCIO.h */,
				4B0FFEBA18AE7BC00015F4E0 /* MCMath.c */,
				4B0FFEBB18AE7BC00015F4E0 /* MCMath.h */,
				4B0FFEBC18AE7BC00015F4E0 /* MCProcess.c */,
				4B0FFEBD18AE7BC00015F4E0 /* MCProcess.h */,
				4B0FFEBE18AE7BC00015F4E0 /* MCSocket.c */,
				4B0FFEBF18AE7BC00015F4E0 /* MCSocket.h */,
				4B0FFEC018AE7BC00015F4E0 /* MCString.c */,
				4B0FFEC118AE7BC00015F4E0 /* MCString.h */,
				4B0FFEC218AE7BC00015F4E0 /* MCThread.c */,
				4B0FFEC318AE7BC00015F4E0 /* MCThread.h */,
				4B0FFEC418AE7BC00015F4E0 /* MCUnitTest.c */,
				4B0FFEC518AE7BC00015F4E0 /* MCUnitTest.h */,
			);
			name = lemontea;
			sourceTree = "<group>";
		};
		4B0FFED318AE86A60015F4E0 /* monkcClasses */ = {
			isa = PBXGroup;
			children = (
				4B0FFEA418AE6FCD0015F4E0 /* monkcInterface.h */,
				4B0FFEA518AE6FE50015F4E0 /* monkcInterface.c */,
				4B0FFEA718AE70700015F4E0 /* Bird.h */,
				4B0FFEA818AE70830015F4E0 /* Bird.c */,
				4B0FFED418AE86F50015F4E0 /* BirdFather.h */,
				4B0FFED518AE87100015F4E0 /* BirdFather.c */,
			);
			name = monkcClasses;
			sourceTree = "<group>";
		};
/* End PBXGroup section */

/* Begin PBXNativeTarget section */
		4B0FFE6918AE6DC10015F4E0 /* iosAppUseMonkC */ = {
			isa = PBXNativeTarget;
			buildConfigurationList = 4B0FFE9618AE6DC10015F4E0 /* Build configuration list for PBXNativeTarget "iosAppUseMonkC" */;
			buildPhases = (
				4B0FFE6618AE6DC10015F4E0 /* Sources */,
				4B0FFE6718AE6DC10015F4E0 /* Frameworks */,
				4B0FFE6818AE6DC10015F4E0 /* Resources */,
			);
			buildRules = (
			);
			dependencies = (
			);
			name = iosAppUseMonkC;
			productName = iosAppUseMonkC;
			productReference = 4B0FFE6A18AE6DC10015F4E0 /* iosAppUseMonkC.app */;
			productType = "com.apple.product-type.application";
		};
		4B0FFE8418AE6DC10015F4E0 /* iosAppUseMonkCTests */ = {
			isa = PBXNativeTarget;
			buildConfigurationList = 4B0FFE9918AE6DC10015F4E0 /* Build configuration list for PBXNativeTarget "iosAppUseMonkCTests" */;
			buildPhases = (
				4B0FFE8118AE6DC10015F4E0 /* Sources */,
				4B0FFE8218AE6DC10015F4E0 /* Frameworks */,
				4B0FFE8318AE6DC10015F4E0 /* Resources */,
			);
			buildRules = (
			);
			dependencies = (
				4B0FFE8B18AE6DC10015F4E0 /* PBXTargetDependency */,
			);
			name = iosAppUseMonkCTests;
			productName = iosAppUseMonkCTests;
			productReference = 4B0FFE8518AE6DC10015F4E0 /* iosAppUseMonkCTests.xctest */;
			productType = "com.apple.product-type.bundle.unit-test";
		};
/* End PBXNativeTarget section */

/* Begin PBXProject section */
		4B0FFE6218AE6DC10015F4E0 /* Project object */ = {
			isa = PBXProject;
			attributes = {
				LastUpgradeCheck = 0500;
				ORGANIZATIONNAME = "sun yuli";
				TargetAttributes = {
					4B0FFE8418AE6DC10015F4E0 = {
						TestTargetID = 4B0FFE6918AE6DC10015F4E0;
					};
				};
			};
			buildConfigurationList = 4B0FFE6518AE6DC10015F4E0 /* Build configuration list for PBXProject "iosAppUseMonkC" */;
			compatibilityVersion = "Xcode 3.2";
			developmentRegion = English;
			hasScannedForEncodings = 0;
			knownRegions = (
				en,
			);
			mainGroup = 4B0FFE6118AE6DC10015F4E0;
			productRefGroup = 4B0FFE6B18AE6DC10015F4E0 /* Products */;
			projectDirPath = "";
			projectRoot = "";
			targets = (
				4B0FFE6918AE6DC10015F4E0 /* iosAppUseMonkC */,
				4B0FFE8418AE6DC10015F4E0 /* iosAppUseMonkCTests */,
			);
		};
/* End PBXProject section */

/* Begin PBXResourcesBuildPhase section */
		4B0FFE6818AE6DC10015F4E0 /* Resources */ = {
			isa = PBXResourcesBuildPhase;
			buildActionMask = 2147483647;
			files = (
				4B0FFE7818AE6DC10015F4E0 /* InfoPlist.strings in Resources */,
				4B0FFE8018AE6DC10015F4E0 /* Images.xcassets in Resources */,
			);
			runOnlyForDeploymentPostprocessing = 0;
		};
		4B0FFE8318AE6DC10015F4E0 /* Resources */ = {
			isa = PBXResourcesBuildPhase;
			buildActionMask = 2147483647;
			files = (
				4B0FFE9118AE6DC10015F4E0 /* InfoPlist.strings in Resources */,
			);
			runOnlyForDeploymentPostprocessing = 0;
		};
/* End PBXResourcesBuildPhase section */

/* Begin PBXSourcesBuildPhase section */
		4B0FFE6618AE6DC10015F4E0 /* Sources */ = {
			isa = PBXSourcesBuildPhase;
			buildActionMask = 2147483647;
			files = (
				4B0FFECC18AE7BC00015F4E0 /* MCProcess.c in Sources */,
				4B0FFEC818AE7BC00015F4E0 /* MCContext.c in Sources */,
				4B0FFEA918AE70830015F4E0 /* Bird.c in Sources */,
				4B0FFED018AE7BC00015F4E0 /* MCUnitTest.c in Sources */,
				4B0FFE7E18AE6DC10015F4E0 /* AppDelegate.m in Sources */,
				4B0FFEC718AE7BC00015F4E0 /* MCClock.c in Sources */,
				4B0FFEA618AE6FE50015F4E0 /* monkcInterface.c in Sources */,
				4B0FFECA18AE7BC00015F4E0 /* MCIO.c in Sources */,
				4B0FFED618AE87100015F4E0 /* BirdFather.c in Sources */,
				4B0FFEC918AE7BC00015F4E0 /* MCException.c in Sources */,
				4B0FFECD18AE7BC00015F4E0 /* MCSocket.c in Sources */,
				4B0FFECF18AE7BC00015F4E0 /* MCThread.c in Sources */,
				4B0FFEC618AE7BC00015F4E0 /* MCBuffer.c in Sources */,
				4B0FFE7A18AE6DC10015F4E0 /* main.m in Sources */,
				4B0FFECE18AE7BC00015F4E0 /* MCString.c in Sources */,
				4B0FFECB18AE7BC00015F4E0 /* MCMath.c in Sources */,
			);
			runOnlyForDeploymentPostprocessing = 0;
		};
		4B0FFE8118AE6DC10015F4E0 /* Sources */ = {
			isa = PBXSourcesBuildPhase;
			buildActionMask = 2147483647;
			files = (
				4B0FFE9318AE6DC10015F4E0 /* iosAppUseMonkCTests.m in Sources */,
			);
			runOnlyForDeploymentPostprocessing = 0;
		};
/* End PBXSourcesBuildPhase section */

/* Begin PBXTargetDependency section */
		4B0FFE8B18AE6DC10015F4E0 /* PBXTargetDependency */ = {
			isa = PBXTargetDependency;
			target = 4B0FFE6918AE6DC10015F4E0 /* iosAppUseMonkC */;
			targetProxy = 4B0FFE8A18AE6DC10015F4E0 /* PBXContainerItemProxy */;
		};
/* End PBXTargetDependency section */

/* Begin PBXVariantGroup section */
		4B0FFE7618AE6DC10015F4E0 /* InfoPlist.strings */ = {
			isa = PBXVariantGroup;
			children = (
				4B0FFE7718AE6DC10015F4E0 /* en */,
			);
			name = InfoPlist.strings;
			sourceTree = "<group>";
		};
		4B0FFE8F18AE6DC10015F4E0 /* InfoPlist.strings */ = {
			isa = PBXVariantGroup;
			children = (
				4B0FFE9018AE6DC10015F4E0 /* en */,
			);
			name = InfoPlist.strings;
			sourceTree = "<group>";
		};
/* End PBXVariantGroup section */

/* Begin XCBuildConfiguration section */
		4B0FFE9418AE6DC10015F4E0 /* Debug */ = {
			isa = XCBuildConfiguration;
			buildSettings = {
				ALWAYS_SEARCH_USER_PATHS = NO;
				ARCHS = "$(ARCHS_STANDARD_INCLUDING_64_BIT)";
				CLANG_CXX_LANGUAGE_STANDARD = "gnu++0x";
				CLANG_CXX_LIBRARY = "libc++";
				CLANG_ENABLE_MODULES = YES;
				CLANG_ENABLE_OBJC_ARC = YES;
				CLANG_WARN_BOOL_CONVERSION = YES;
				CLANG_WARN_CONSTANT_CONVERSION = YES;
				CLANG_WARN_DIRECT_OBJC_ISA_USAGE = YES_ERROR;
				CLANG_WARN_EMPTY_BODY = YES;
				CLANG_WARN_ENUM_CONVERSION = YES;
				CLANG_WARN_INT_CONVERSION = YES;
				CLANG_WARN_OBJC_ROOT_CLASS = YES_ERROR;
				CLANG_WARN__DUPLICATE_METHOD_MATCH = YES;
				"CODE_SIGN_IDENTITY[sdk=iphoneos*]" = "iPhone Developer";
				COPY_PHASE_STRIP = NO;
				GCC_C_LANGUAGE_STANDARD = gnu99;
				GCC_DYNAMIC_NO_PIC = NO;
				GCC_OPTIMIZATION_LEVEL = 0;
				GCC_PREPROCESSOR_DEFINITIONS = (
					"DEBUG=1",
					"$(inherited)",
				);
				GCC_SYMBOLS_PRIVATE_EXTERN = NO;
				GCC_WARN_64_TO_32_BIT_CONVERSION = YES;
				GCC_WARN_ABOUT_RETURN_TYPE = YES_ERROR;
				GCC_WARN_UNDECLARED_SELECTOR = YES;
				GCC_WARN_UNINITIALIZED_AUTOS = YES;
				GCC_WARN_UNUSED_FUNCTION = YES;
				GCC_WARN_UNUSED_VARIABLE = YES;
				IPHONEOS_DEPLOYMENT_TARGET = 7.0;
				ONLY_ACTIVE_ARCH = YES;
				SDKROOT = iphoneos;
				TARGETED_DEVICE_FAMILY = "1,2";
			};
			name = Debug;
		};
		4B0FFE9518AE6DC10015F4E0 /* Release */ = {
			isa = XCBuildConfiguration;
			buildSettings = {
				ALWAYS_SEARCH_USER_PATHS = NO;
				ARCHS = "$(ARCHS_STANDARD_INCLUDING_64_BIT)";
				CLANG_CXX_LANGUAGE_STANDARD = "gnu++0x";
				CLANG_CXX_LIBRARY = "libc++";
				CLANG_ENABLE_MODULES = YES;
				CLANG_ENABLE_OBJC_ARC = YES;
				CLANG_WARN_BOOL_CONVERSION = YES;
				CLANG_WARN_CONSTANT_CONVERSION = YES;
				CLANG_WARN_DIRECT_OBJC_ISA_USAGE = YES_ERROR;
				CLANG_WARN_EMPTY_BODY = YES;
				CLANG_WARN_ENUM_CONVERSION = YES;
				CLANG_WARN_INT_CONVERSION = YES;
				CLANG_WARN_OBJC_ROOT_CLASS = YES_ERROR;
				CLANG_WARN__DUPLICATE_METHOD_MATCH = YES;
				"CODE_SIGN_IDENTITY[sdk=iphoneos*]" = "iPhone Developer";
				COPY_PHASE_STRIP = YES;
				ENABLE_NS_ASSERTIONS = NO;
				GCC_C_LANGUAGE_STANDARD = gnu99;
				GCC_WARN_64_TO_32_BIT_CONVERSION = YES;
				GCC_WARN_ABOUT_RETURN_TYPE = YES_ERROR;
				GCC_WARN_UNDECLARED_SELECTOR = YES;
				GCC_WARN_UNINITIALIZED_AUTOS = YES;
				GCC_WARN_UNUSED_FUNCTION = YES;
				GCC_WARN_UNUSED_VARIABLE = YES;
				IPHONEOS_DEPLOYMENT_TARGET = 7.0;
				SDKROOT = iphoneos;
				TARGETED_DEVICE_FAMILY = "1,2";
				VALIDATE_PRODUCT = YES;
			};
			name = Release;
		};
		4B0FFE9718AE6DC10015F4E0 /* Debug */ = {
			isa = XCBuildConfiguration;
			buildSettings = {
				ASSETCATALOG_COMPILER_APPICON_NAME = AppIcon;
				ASSETCATALOG_COMPILER_LAUNCHIMAGE_NAME = LaunchImage;
				GCC_PRECOMPILE_PREFIX_HEADER = YES;
				GCC_PREFIX_HEADER = "iosAppUseMonkC/iosAppUseMonkC-Prefix.pch";
				HEADER_SEARCH_PATHS = (
					"$(inherited)",
					/Applications/Xcode.app/Contents/Developer/Toolchains/XcodeDefault.xctoolchain/usr/include,
					"$(SRCROOT)/Libs/include",
				);
				INFOPLIST_FILE = "iosAppUseMonkC/iosAppUseMonkC-Info.plist";
				LIBRARY_SEARCH_PATHS = (
					"$(inherited)",
					/Users/penpenlion/Dev/monkc_xcode_checkout/monkc/XcodeMonkC/iosAppUseMonkC/Libs/lib,
				);
				PRODUCT_NAME = "$(TARGET_NAME)";
				WRAPPER_EXTENSION = app;
			};
			name = Debug;
		};
		4B0FFE9818AE6DC10015F4E0 /* Release */ = {
			isa = XCBuildConfiguration;
			buildSettings = {
				ASSETCATALOG_COMPILER_APPICON_NAME = AppIcon;
				ASSETCATALOG_COMPILER_LAUNCHIMAGE_NAME = LaunchImage;
				GCC_PRECOMPILE_PREFIX_HEADER = YES;
				GCC_PREFIX_HEADER = "iosAppUseMonkC/iosAppUseMonkC-Prefix.pch";
				HEADER_SEARCH_PATHS = (
					"$(inherited)",
					/Applications/Xcode.app/Contents/Developer/Toolchains/XcodeDefault.xctoolchain/usr/include,
					"$(SRCROOT)/Libs/include",
				);
				INFOPLIST_FILE = "iosAppUseMonkC/iosAppUseMonkC-Info.plist";
				LIBRARY_SEARCH_PATHS = (
					"$(inherited)",
					/Users/penpenlion/Dev/monkc_xcode_checkout/monkc/XcodeMonkC/iosAppUseMonkC/Libs/lib,
				);
				PRODUCT_NAME = "$(TARGET_NAME)";
				WRAPPER_EXTENSION = app;
			};
			name = Release;
		};
		4B0FFE9A18AE6DC10015F4E0 /* Debug */ = {
			isa = XCBuildConfiguration;
			buildSettings = {
				ARCHS = "$(ARCHS_STANDARD_INCLUDING_64_BIT)";
				BUNDLE_LOADER = "$(BUILT_PRODUCTS_DIR)/iosAppUseMonkC.app/iosAppUseMonkC";
				FRAMEWORK_SEARCH_PATHS = (
					"$(SDKROOT)/Developer/Library/Frameworks",
					"$(inherited)",
					"$(DEVELOPER_FRAMEWORKS_DIR)",
				);
				GCC_PRECOMPILE_PREFIX_HEADER = YES;
				GCC_PREFIX_HEADER = "iosAppUseMonkC/iosAppUseMonkC-Prefix.pch";
				GCC_PREPROCESSOR_DEFINITIONS = (
					"DEBUG=1",
					"$(inherited)",
				);
				INFOPLIST_FILE = "iosAppUseMonkCTests/iosAppUseMonkCTests-Info.plist";
				PRODUCT_NAME = "$(TARGET_NAME)";
				TEST_HOST = "$(BUNDLE_LOADER)";
				WRAPPER_EXTENSION = xctest;
			};
			name = Debug;
		};
		4B0FFE9B18AE6DC10015F4E0 /* Release */ = {
			isa = XCBuildConfiguration;
			buildSettings = {
				ARCHS = "$(ARCHS_STANDARD_INCLUDING_64_BIT)";
				BUNDLE_LOADER = "$(BUILT_PRODUCTS_DIR)/iosAppUseMonkC.app/iosAppUseMonkC";
				FRAMEWORK_SEARCH_PATHS = (
					"$(SDKROOT)/Developer/Library/Frameworks",
					"$(inherited)",
					"$(DEVELOPER_FRAMEWORKS_DIR)",
				);
				GCC_PRECOMPILE_PREFIX_HEADER = YES;
				GCC_PREFIX_HEADER = "iosAppUseMonkC/iosAppUseMonkC-Prefix.pch";
				INFOPLIST_FILE = "iosAppUseMonkCTests/iosAppUseMonkCTests-Info.plist";
				PRODUCT_NAME = "$(TARGET_NAME)";
				TEST_HOST = "$(BUNDLE_LOADER)";
				WRAPPER_EXTENSION = xctest;
			};
			name = Release;
		};
/* End XCBuildConfiguration section */

/* Begin XCConfigurationList section */
		4B0FFE6518AE6DC10015F4E0 /* Build configuration list for PBXProject "iosAppUseMonkC" */ = {
			isa = XCConfigurationList;
			buildConfigurations = (
				4B0FFE9418AE6DC10015F4E0 /* Debug */,
				4B0FFE9518AE6DC10015F4E0 /* Release */,
			);
			defaultConfigurationIsVisible = 0;
			defaultConfigurationName = Release;
		};
		4B0FFE9618AE6DC10015F4E0 /* Build configuration list for PBXNativeTarget "iosAppUseMonkC" */ = {
			isa = XCConfigurationList;
			buildConfigurations = (
				4B0FFE9718AE6DC10015F4E0 /* Debug */,
				4B0FFE9818AE6DC10015F4E0 /* Release */,
			);
			defaultConfigurationIsVisible = 0;
			defaultConfigurationName = Release;
		};
		4B0FFE9918AE6DC10015F4E0 /* Build configuration list for PBXNativeTarget "iosAppUseMonkCTests" */ = {
			isa = XCConfigurationList;
			buildConfigurations = (
				4B0FFE9A18AE6DC10015F4E0 /* Debug */,
				4B0FFE9B18AE6DC10015F4E0 /* Release */,
			);
			defaultConfigurationIsVisible = 0;
			defaultConfigurationName = Release;
		};
/* End XCConfigurationList section */
	};
	rootObject = 4B0FFE6218AE6DC10015F4E0 /* Project object */;
}
